// !$*UTF8*$!
{
	archiveVersion = 1;
	classes = {
	};
	objectVersion = 46;
	objects = {

/* Begin PBXAggregateTarget section */
		53DF6901067E5B8E0090B5B0 /* All */ = {
			isa = PBXAggregateTarget;
			buildConfigurationList = C056398708A954F8003078D8 /* Build configuration list for PBXAggregateTarget "All" */;
			buildPhases = (
			);
			dependencies = (
				53DF6905067E5B930090B5B0 /* PBXTargetDependency */,
			);
			name = All;
			productName = All;
		};
/* End PBXAggregateTarget section */

/* Begin PBXBuildFile section */
		13F8B89007B43554008AE28D /* Cocoa.framework in Frameworks */ = {isa = PBXBuildFile; fileRef = DD92D38A0106425D02CA0E72 /* Cocoa.framework */; };
		42010DDD1206B66B0002191E /* NCHelpView.m in Sources */ = {isa = PBXBuildFile; fileRef = 42010DDB1206B66B0002191E /* NCHelpView.m */; };
		42010E371206EDA70002191E /* go_back.icns in Resources */ = {isa = PBXBuildFile; fileRef = 42010E331206EDA70002191E /* go_back.icns */; };
		4206BA6C124564FE0087823D /* NCListerCell.m in Sources */ = {isa = PBXBuildFile; fileRef = 4206BA6A124564FE0087823D /* NCListerCell.m */; };
		421078A911EF6639001372D8 /* NCListerBreadcrumb.m in Sources */ = {isa = PBXBuildFile; fileRef = 421078A711EF6639001372D8 /* NCListerBreadcrumb.m */; };
		4210796511F0B75C001372D8 /* NCListerDataSourceAdvanced.m in Sources */ = {isa = PBXBuildFile; fileRef = 4210796311F0B75C001372D8 /* NCListerDataSourceAdvanced.m */; };
		421F1EAE13C8BE2900CE9AB8 /* NSMutableArray+Shuffling.m in Sources */ = {isa = PBXBuildFile; fileRef = 421F1EAC13C8BE2900CE9AB8 /* NSMutableArray+Shuffling.m */; };
		422229D811D6CFA200475062 /* GotoFolder.xib in Resources */ = {isa = PBXBuildFile; fileRef = 422229D611D6CFA200475062 /* GotoFolder.xib */; };
		42271EE211D14A1400E5FFE1 /* NCInfoView.m in Sources */ = {isa = PBXBuildFile; fileRef = 42271EE011D14A1400E5FFE1 /* NCInfoView.m */; };
		42271FB911D14AF400E5FFE1 /* WebKit.framework in Frameworks */ = {isa = PBXBuildFile; fileRef = 42271FB511D14AE700E5FFE1 /* WebKit.framework */; };
		4227207111D14EE200E5FFE1 /* test.html in Resources */ = {isa = PBXBuildFile; fileRef = 4227207011D14EE200E5FFE1 /* test.html */; };
		422F205011A851330029C47A /* NCCore.framework in Frameworks */ = {isa = PBXBuildFile; fileRef = 53DF68FD067E5B5A0090B5B0 /* NCCore.framework */; };
		422F205411A851420029C47A /* Cocoa.framework in Frameworks */ = {isa = PBXBuildFile; fileRef = 422F205311A851420029C47A /* Cocoa.framework */; };
		422F208411A853C40029C47A /* NCCommonTest.m in Sources */ = {isa = PBXBuildFile; fileRef = 422F208311A853C40029C47A /* NCCommonTest.m */; };
		422F222211A90E300029C47A /* Quartz.framework in Frameworks */ = {isa = PBXBuildFile; fileRef = 42C1556B115615B7000A0547 /* Quartz.framework */; };
		423451F2123E95E000FDAAA5 /* NCPermissionSheet.m in Sources */ = {isa = PBXBuildFile; fileRef = 423451F0123E95E000FDAAA5 /* NCPermissionSheet.m */; };
		42398B7313C25DD000220EA6 /* VerticalLayoutView.m in Sources */ = {isa = PBXBuildFile; fileRef = 42398B7013C25DD000220EA6 /* VerticalLayoutView.m */; };
		423CD53512259BBD00659683 /* NCImageCache.m in Sources */ = {isa = PBXBuildFile; fileRef = 423CD53312259BBD00659683 /* NCImageCache.m */; };
		425A7E6F11992317008C328E /* mkdir.png in Resources */ = {isa = PBXBuildFile; fileRef = 425A7E6D11992317008C328E /* mkdir.png */; };
		425A7E7011992317008C328E /* mkfile.png in Resources */ = {isa = PBXBuildFile; fileRef = 425A7E6E11992317008C328E /* mkfile.png */; };
		425A7EB011992B4B008C328E /* cd_parent_dir2.png in Resources */ = {isa = PBXBuildFile; fileRef = 425A7EAC11992B4B008C328E /* cd_parent_dir2.png */; };
		425A828911A5F02C008C328E /* SmallGenericDocumentIconLink.png in Resources */ = {isa = PBXBuildFile; fileRef = 425A828511A5F02C008C328E /* SmallGenericDocumentIconLink.png */; };
		425A828A11A5F02C008C328E /* SmallGenericFolderIconLink.png in Resources */ = {isa = PBXBuildFile; fileRef = 425A828611A5F02C008C328E /* SmallGenericFolderIconLink.png */; };
		425A828B11A5F02C008C328E /* unknown_link.png in Resources */ = {isa = PBXBuildFile; fileRef = 425A828711A5F02C008C328E /* unknown_link.png */; };
		425A828C11A5F02C008C328E /* unknown.png in Resources */ = {isa = PBXBuildFile; fileRef = 425A828811A5F02C008C328E /* unknown.png */; };
		425D7DF911C54EDB00F9A9A6 /* libNCWorkerLib.a in Frameworks */ = {isa = PBXBuildFile; fileRef = 425D7DF311C54E5500F9A9A6 /* libNCWorkerLib.a */; };
		4263E29B124E81EE005A67E7 /* NCCopyOperationDummy.m in Sources */ = {isa = PBXBuildFile; fileRef = 4263E298124E81EE005A67E7 /* NCCopyOperationDummy.m */; };
		4263E2BC124E8A9B005A67E7 /* NCMoveOperationDummy.m in Sources */ = {isa = PBXBuildFile; fileRef = 4263E2BA124E8A9B005A67E7 /* NCMoveOperationDummy.m */; };
		426CD44413A9C4ED002E1791 /* NCPreferencesAdvancedController.m in Sources */ = {isa = PBXBuildFile; fileRef = 426CD44113A9C4ED002E1791 /* NCPreferencesAdvancedController.m */; };
		426CD44813A9C507002E1791 /* PreferencesAdvanced.xib in Resources */ = {isa = PBXBuildFile; fileRef = 426CD44513A9C507002E1791 /* PreferencesAdvanced.xib */; };
		427A8A3B11DEA17200DE7391 /* NSTabView+SwitchExtensions.m in Sources */ = {isa = PBXBuildFile; fileRef = 427A8A3911DEA17200DE7391 /* NSTabView+SwitchExtensions.m */; };
		42825597123CE6A100EA3618 /* NCCopySheet.m in Sources */ = {isa = PBXBuildFile; fileRef = 42825595123CE6A100EA3618 /* NCCopySheet.m */; };
		428255BB123D04C600EA3618 /* NCDeleteSheet.m in Sources */ = {isa = PBXBuildFile; fileRef = 428255B9123D04C600EA3618 /* NCDeleteSheet.m */; };
		428DD07F11ECDE9E0048B3C6 /* NSArray+PrependPath.m in Sources */ = {isa = PBXBuildFile; fileRef = 428DD07D11ECDE9E0048B3C6 /* NSArray+PrependPath.m */; };
		428DD08211ECDEAD0048B3C6 /* NSArray+PrependPathTest.m in Sources */ = {isa = PBXBuildFile; fileRef = 428DD08111ECDEAD0048B3C6 /* NSArray+PrependPathTest.m */; };
		428DD0A211ECE3050048B3C6 /* NSGradient+PredefinedGradients.m in Sources */ = {isa = PBXBuildFile; fileRef = 428DD0A011ECE3050048B3C6 /* NSGradient+PredefinedGradients.m */; };
		428DD0B911ECE4610048B3C6 /* NSTableView+ColumnLayout.m in Sources */ = {isa = PBXBuildFile; fileRef = 428DD0B711ECE4610048B3C6 /* NSTableView+ColumnLayout.m */; };
		428DD0C211ECE5B20048B3C6 /* NSImage+ImageNamedForClass.m in Sources */ = {isa = PBXBuildFile; fileRef = 428DD0C011ECE5B20048B3C6 /* NSImage+ImageNamedForClass.m */; };
		42970582111768D300830B40 /* NCBackground.m in Sources */ = {isa = PBXBuildFile; fileRef = 42970580111768D300830B40 /* NCBackground.m */; };
		429705B4111A2BA300830B40 /* NCLister.m in Sources */ = {isa = PBXBuildFile; fileRef = 429705B2111A2BA300830B40 /* NCLister.m */; };
		429705DE111A32B400830B40 /* NCListerTableView.m in Sources */ = {isa = PBXBuildFile; fileRef = 429705DC111A32B400830B40 /* NCListerTableView.m */; };
		42A868FA11758A1D0061FC48 /* cd_parent_dir.png in Resources */ = {isa = PBXBuildFile; fileRef = 42A868F911758A1D0061FC48 /* cd_parent_dir.png */; };
		42A86915117591070061FC48 /* SmallGenericFolderIcon.png in Resources */ = {isa = PBXBuildFile; fileRef = 42A86913117591070061FC48 /* SmallGenericFolderIcon.png */; };
		42A86916117591070061FC48 /* SmallGenericDocumentIcon.png in Resources */ = {isa = PBXBuildFile; fileRef = 42A86914117591070061FC48 /* SmallGenericDocumentIcon.png */; };
		42A86A75117B48C40061FC48 /* NCSplitView.m in Sources */ = {isa = PBXBuildFile; fileRef = 42A86A73117B48C40061FC48 /* NCSplitView.m */; };
		42A86D0E1182C8CD0061FC48 /* NCPreferencesBookmarkController.m in Sources */ = {isa = PBXBuildFile; fileRef = 42A86D081182C8CD0061FC48 /* NCPreferencesBookmarkController.m */; };
		42A86D101182C8CD0061FC48 /* NCPreferencesGeneralController.m in Sources */ = {isa = PBXBuildFile; fileRef = 42A86D0A1182C8CD0061FC48 /* NCPreferencesGeneralController.m */; };
		42A86D121182C8CD0061FC48 /* NCPreferencesMenuController.m in Sources */ = {isa = PBXBuildFile; fileRef = 42A86D0C1182C8CD0061FC48 /* NCPreferencesMenuController.m */; };
		42A86D161182C8D90061FC48 /* MBPreferencesController.m in Sources */ = {isa = PBXBuildFile; fileRef = 42A86D141182C8D90061FC48 /* MBPreferencesController.m */; };
		42A86D1D1182C8FB0061FC48 /* PreferencesBookmark.xib in Resources */ = {isa = PBXBuildFile; fileRef = 42A86D171182C8FB0061FC48 /* PreferencesBookmark.xib */; };
		42A86D1E1182C8FB0061FC48 /* PreferencesGeneral.xib in Resources */ = {isa = PBXBuildFile; fileRef = 42A86D191182C8FB0061FC48 /* PreferencesGeneral.xib */; };
		42A86D1F1182C8FB0061FC48 /* PreferencesMenu.xib in Resources */ = {isa = PBXBuildFile; fileRef = 42A86D1B1182C8FB0061FC48 /* PreferencesMenu.xib */; };
		42A86D3E1182D5390061FC48 /* NCMakeFileController.m in Sources */ = {isa = PBXBuildFile; fileRef = 42A86D3C1182D5390061FC48 /* NCMakeFileController.m */; };
		42A86D411182D5670061FC48 /* MakeFile.xib in Resources */ = {isa = PBXBuildFile; fileRef = 42A86D3F1182D5670061FC48 /* MakeFile.xib */; };
		42A86E3F11837A8F0061FC48 /* NCMakeDirController.m in Sources */ = {isa = PBXBuildFile; fileRef = 42A86E3D11837A8F0061FC48 /* NCMakeDirController.m */; };
		42A86E4211837B700061FC48 /* MakeDir.xib in Resources */ = {isa = PBXBuildFile; fileRef = 42A86E4011837B700061FC48 /* MakeDir.xib */; };
		42A86F3F11846C9C0061FC48 /* NSView+SubviewExtensions.m in Sources */ = {isa = PBXBuildFile; fileRef = 42A86F3D11846C9C0061FC48 /* NSView+SubviewExtensions.m */; };
		42A86FAF118610CC0061FC48 /* NCMakeLinkController.m in Sources */ = {isa = PBXBuildFile; fileRef = 42A86FAD118610CC0061FC48 /* NCMakeLinkController.m */; };
		42A86FB41186127B0061FC48 /* MakeLink.xib in Resources */ = {isa = PBXBuildFile; fileRef = 42A86FB21186127B0061FC48 /* MakeLink.xib */; };
		42A870BF1194960B0061FC48 /* bookmark_icon.png in Resources */ = {isa = PBXBuildFile; fileRef = 42A870BE1194960B0061FC48 /* bookmark_icon.png */; };
		42C151D21152C5BC000A0547 /* NCCommon.m in Sources */ = {isa = PBXBuildFile; fileRef = 42C151D01152C5BC000A0547 /* NCCommon.m */; };
		42C1556C115615B7000A0547 /* Quartz.framework in Frameworks */ = {isa = PBXBuildFile; fileRef = 42C1556B115615B7000A0547 /* Quartz.framework */; };
		42C1F47C12074D3C00C1BCB5 /* NCPathControl.m in Sources */ = {isa = PBXBuildFile; fileRef = 42C1F47A12074D3C00C1BCB5 /* NCPathControl.m */; };
		42C1F67E1209E69800C1BCB5 /* NCVolumeStatus.m in Sources */ = {isa = PBXBuildFile; fileRef = 42C1F67C1209E69800C1BCB5 /* NCVolumeStatus.m */; };
		42C1F792120AC32C00C1BCB5 /* NCScrollView.m in Sources */ = {isa = PBXBuildFile; fileRef = 42C1F790120AC32C00C1BCB5 /* NCScrollView.m */; };
		42C218711124911B007097ED /* NCListerTableHeaderView.m in Sources */ = {isa = PBXBuildFile; fileRef = 42C2186F1124911B007097ED /* NCListerTableHeaderView.m */; };
		42C219471129C9B6007097ED /* NCListerScroller.m in Sources */ = {isa = PBXBuildFile; fileRef = 42C219451129C9B6007097ED /* NCListerScroller.m */; };
		42C219841129F4E6007097ED /* NCListerCounter.m in Sources */ = {isa = PBXBuildFile; fileRef = 42C219821129F4E6007097ED /* NCListerCounter.m */; };
		42C220D11148FE7B007097ED /* NCListerTableTextCell.m in Sources */ = {isa = PBXBuildFile; fileRef = 42C220CF1148FE7B007097ED /* NCListerTableTextCell.m */; };
		42C54F3911A9327400EAE67A /* NCGotoFolderController.m in Sources */ = {isa = PBXBuildFile; fileRef = 42C54F3711A9327400EAE67A /* NCGotoFolderController.m */; };
		42C5512911AA71E100EAE67A /* NCImageAndTextCell.m in Sources */ = {isa = PBXBuildFile; fileRef = 42C5512711AA71E100EAE67A /* NCImageAndTextCell.m */; };
		42C5529211AABC9A00EAE67A /* NCPermissionCell.m in Sources */ = {isa = PBXBuildFile; fileRef = 42C5529011AABC9A00EAE67A /* NCPermissionCell.m */; };
		42D158AF11614A5F00F66068 /* MAAttachedWindow.m in Sources */ = {isa = PBXBuildFile; fileRef = 42D158AD11614A5F00F66068 /* MAAttachedWindow.m */; };
		42D159B9116BA27500F66068 /* NCTableHeaderView.m in Sources */ = {isa = PBXBuildFile; fileRef = 42D159AD116BA27500F66068 /* NCTableHeaderView.m */; };
		42D159BB116BA27500F66068 /* NCTableHeaderCell.m in Sources */ = {isa = PBXBuildFile; fileRef = 42D159AF116BA27500F66068 /* NCTableHeaderCell.m */; };
		42D159BE116BA27500F66068 /* NCTableCornerView.m in Sources */ = {isa = PBXBuildFile; fileRef = 42D159B2116BA27500F66068 /* NCTableCornerView.m */; };
		42D159C3116BA27500F66068 /* NCScroller.m in Sources */ = {isa = PBXBuildFile; fileRef = 42D159B7116BA27500F66068 /* NCScroller.m */; };
		42D44A0E1216EE6100CB5BF5 /* NCMoveSheet.m in Sources */ = {isa = PBXBuildFile; fileRef = 42D44A0C1216EE6100CB5BF5 /* NCMoveSheet.m */; };
		42D44A6112172C3800CB5BF5 /* NCDateCell.m in Sources */ = {isa = PBXBuildFile; fileRef = 42D44A5F12172C3800CB5BF5 /* NCDateCell.m */; };
		42DBA09A11F2024400DD57A8 /* NCListerItem.m in Sources */ = {isa = PBXBuildFile; fileRef = 42DBA09811F2024400DD57A8 /* NCListerItem.m */; };
		42FEEC9A12108F90000E031B /* FPOCsvWriter.m in Sources */ = {isa = PBXBuildFile; fileRef = 42FEEC8512108F90000E031B /* FPOCsvWriter.m */; settings = {COMPILER_FLAGS = "-fno-objc-arc"; }; };
		42FEEC9B12108F90000E031B /* NCDirEnumerator.m in Sources */ = {isa = PBXBuildFile; fileRef = 42FEEC8612108F90000E031B /* NCDirEnumerator.m */; settings = {COMPILER_FLAGS = "-fobjc-arc"; }; };
		42FEEC9C12108F90000E031B /* NCFileEventManager.m in Sources */ = {isa = PBXBuildFile; fileRef = 42FEEC8712108F90000E031B /* NCFileEventManager.m */; settings = {COMPILER_FLAGS = "-fobjc-arc"; }; };
		42FEEC9D12108F90000E031B /* NCFileItem.m in Sources */ = {isa = PBXBuildFile; fileRef = 42FEEC8812108F90000E031B /* NCFileItem.m */; settings = {COMPILER_FLAGS = "-fno-objc-arc"; }; };
		42FEEC9E12108F90000E031B /* NCFileManager.m in Sources */ = {isa = PBXBuildFile; fileRef = 42FEEC8912108F90000E031B /* NCFileManager.m */; settings = {COMPILER_FLAGS = "-fno-objc-arc"; }; };
		42FEEC9F12108F90000E031B /* NCLog.m in Sources */ = {isa = PBXBuildFile; fileRef = 42FEEC8A12108F90000E031B /* NCLog.m */; settings = {COMPILER_FLAGS = "-fobjc-arc"; }; };
		42FEECA012108F90000E031B /* NCTimeProfiler.m in Sources */ = {isa = PBXBuildFile; fileRef = 42FEEC8B12108F90000E031B /* NCTimeProfiler.m */; settings = {COMPILER_FLAGS = "-fobjc-arc"; }; };
		42FEECA212108F90000E031B /* sc_finder_info_manager.m in Sources */ = {isa = PBXBuildFile; fileRef = 42FEEC8D12108F90000E031B /* sc_finder_info_manager.m */; settings = {COMPILER_FLAGS = "-fno-objc-arc"; }; };
		42FEECA412108F90000E031B /* sc_resource_fork_manager.m in Sources */ = {isa = PBXBuildFile; fileRef = 42FEEC8F12108F90000E031B /* sc_resource_fork_manager.m */; settings = {COMPILER_FLAGS = "-fno-objc-arc"; }; };
		42FEECA612108F90000E031B /* sc_scanner.m in Sources */ = {isa = PBXBuildFile; fileRef = 42FEEC9112108F90000E031B /* sc_scanner.m */; settings = {COMPILER_FLAGS = "-fobjc-arc"; }; };
		42FEECA812108F90000E031B /* sc_tov_copier.m in Sources */ = {isa = PBXBuildFile; fileRef = 42FEEC9312108F90000E031B /* sc_tov_copier.m */; settings = {COMPILER_FLAGS = "-fobjc-arc"; }; };
		42FEECAA12108F90000E031B /* sc_tov_print.m in Sources */ = {isa = PBXBuildFile; fileRef = 42FEEC9512108F90000E031B /* sc_tov_print.m */; settings = {COMPILER_FLAGS = "-fno-objc-arc"; }; };
		42FEECAC12108F90000E031B /* sc_transfer.m in Sources */ = {isa = PBXBuildFile; fileRef = 42FEEC9712108F90000E031B /* sc_transfer.m */; settings = {COMPILER_FLAGS = "-fno-objc-arc"; }; };
		42FEECAE12108F90000E031B /* sc_traversal_objects.m in Sources */ = {isa = PBXBuildFile; fileRef = 42FEEC9912108F90000E031B /* sc_traversal_objects.m */; settings = {COMPILER_FLAGS = "-fno-objc-arc"; }; };
/* End PBXBuildFile section */

/* Begin PBXContainerItemProxy section */
		422F200411A84DDB0029C47A /* PBXContainerItemProxy */ = {
			isa = PBXContainerItemProxy;
			containerPortal = 0259C573FE90428111CA0C5A /* Project object */;
			proxyType = 1;
			remoteGlobalIDString = 53DF68FC067E5B5A0090B5B0;
			remoteInfo = NCCoreFramework;
		};
		425D7DEE11C54E5500F9A9A6 /* PBXContainerItemProxy */ = {
			isa = PBXContainerItemProxy;
			containerPortal = 425D7DE811C54E5500F9A9A6 /* NCWorker.xcodeproj */;
			proxyType = 2;
			remoteGlobalIDString = 429DC6F011C5348F0028CDEC;
			remoteInfo = NCWorkerTest;
		};
		425D7DF011C54E5500F9A9A6 /* PBXContainerItemProxy */ = {
			isa = PBXContainerItemProxy;
			containerPortal = 425D7DE811C54E5500F9A9A6 /* NCWorker.xcodeproj */;
			proxyType = 2;
			remoteGlobalIDString = 8DD76FA10486AA7600D96B5E;
			remoteInfo = NCWorker;
		};
		425D7DF211C54E5500F9A9A6 /* PBXContainerItemProxy */ = {
			isa = PBXContainerItemProxy;
			containerPortal = 425D7DE811C54E5500F9A9A6 /* NCWorker.xcodeproj */;
			proxyType = 2;
			remoteGlobalIDString = 429DC6D511C533940028CDEC;
			remoteInfo = NCWorkerLib;
		};
		425D7DF411C54E6B00F9A9A6 /* PBXContainerItemProxy */ = {
			isa = PBXContainerItemProxy;
			containerPortal = 425D7DE811C54E5500F9A9A6 /* NCWorker.xcodeproj */;
			proxyType = 1;
			remoteGlobalIDString = 429DC6D411C533940028CDEC;
			remoteInfo = NCWorkerLib;
		};
		425D7DF611C54E7000F9A9A6 /* PBXContainerItemProxy */ = {
			isa = PBXContainerItemProxy;
			containerPortal = 425D7DE811C54E5500F9A9A6 /* NCWorker.xcodeproj */;
			proxyType = 1;
			remoteGlobalIDString = 8DD76F960486AA7600D96B5E;
			remoteInfo = NCWorker;
		};
		53DF6904067E5B930090B5B0 /* PBXContainerItemProxy */ = {
			isa = PBXContainerItemProxy;
			containerPortal = 0259C573FE90428111CA0C5A /* Project object */;
			proxyType = 1;
			remoteGlobalIDString = 53DF68FC067E5B5A0090B5B0;
			remoteInfo = NCToolkitFramework;
		};
/* End PBXContainerItemProxy section */

/* Begin PBXFileReference section */
		13F8B88807B434F6008AE28D /* AppKit.framework */ = {isa = PBXFileReference; lastKnownFileType = wrapper.framework; name = AppKit.framework; path = /System/Library/Frameworks/AppKit.framework; sourceTree = "<absolute>"; };
		13F8B88907B434F6008AE28D /* CoreData.framework */ = {isa = PBXFileReference; lastKnownFileType = wrapper.framework; name = CoreData.framework; path = /System/Library/Frameworks/CoreData.framework; sourceTree = "<absolute>"; };
		13F8B88A07B434F6008AE28D /* Foundation.framework */ = {isa = PBXFileReference; lastKnownFileType = wrapper.framework; name = Foundation.framework; path = /System/Library/Frameworks/Foundation.framework; sourceTree = "<absolute>"; };
		42010DDA1206B66B0002191E /* NCHelpView.h */ = {isa = PBXFileReference; fileEncoding = 4; lastKnownFileType = sourcecode.c.h; path = NCHelpView.h; sourceTree = "<group>"; };
		42010DDB1206B66B0002191E /* NCHelpView.m */ = {isa = PBXFileReference; fileEncoding = 4; lastKnownFileType = sourcecode.c.objc; path = NCHelpView.m; sourceTree = "<group>"; };
		42010E331206EDA70002191E /* go_back.icns */ = {isa = PBXFileReference; lastKnownFileType = image.icns; name = go_back.icns; path = images_framework/go_back.icns; sourceTree = "<group>"; };
		4206BA69124564FE0087823D /* NCListerCell.h */ = {isa = PBXFileReference; fileEncoding = 4; lastKnownFileType = sourcecode.c.h; path = NCListerCell.h; sourceTree = "<group>"; };
		4206BA6A124564FE0087823D /* NCListerCell.m */ = {isa = PBXFileReference; fileEncoding = 4; lastKnownFileType = sourcecode.c.objc; path = NCListerCell.m; sourceTree = "<group>"; };
		421078A611EF6639001372D8 /* NCListerBreadcrumb.h */ = {isa = PBXFileReference; fileEncoding = 4; lastKnownFileType = sourcecode.c.h; path = NCListerBreadcrumb.h; sourceTree = "<group>"; };
		421078A711EF6639001372D8 /* NCListerBreadcrumb.m */ = {isa = PBXFileReference; fileEncoding = 4; lastKnownFileType = sourcecode.c.objc; path = NCListerBreadcrumb.m; sourceTree = "<group>"; };
		4210796211F0B75C001372D8 /* NCListerDataSourceAdvanced.h */ = {isa = PBXFileReference; fileEncoding = 4; lastKnownFileType = sourcecode.c.h; path = NCListerDataSourceAdvanced.h; sourceTree = "<group>"; };
		4210796311F0B75C001372D8 /* NCListerDataSourceAdvanced.m */ = {isa = PBXFileReference; fileEncoding = 4; lastKnownFileType = sourcecode.c.objc; path = NCListerDataSourceAdvanced.m; sourceTree = "<group>"; };
		42107A1C11F1180A001372D8 /* NCDirEnumerator.h */ = {isa = PBXFileReference; fileEncoding = 4; lastKnownFileType = sourcecode.c.h; name = NCDirEnumerator.h; path = "../SharedCode Core+Worker/source/NCDirEnumerator.h"; sourceTree = SOURCE_ROOT; };
		421F1EAB13C8BE2900CE9AB8 /* NSMutableArray+Shuffling.h */ = {isa = PBXFileReference; fileEncoding = 4; lastKnownFileType = sourcecode.c.h; path = "NSMutableArray+Shuffling.h"; sourceTree = "<group>"; };
		421F1EAC13C8BE2900CE9AB8 /* NSMutableArray+Shuffling.m */ = {isa = PBXFileReference; fileEncoding = 4; lastKnownFileType = sourcecode.c.objc; path = "NSMutableArray+Shuffling.m"; sourceTree = "<group>"; };
		422229D711D6CFA200475062 /* English */ = {isa = PBXFileReference; lastKnownFileType = file.xib; name = English; path = framework/English.lproj/GotoFolder.xib; sourceTree = "<group>"; };
		42271EDF11D14A1400E5FFE1 /* NCInfoView.h */ = {isa = PBXFileReference; fileEncoding = 4; lastKnownFileType = sourcecode.c.h; path = NCInfoView.h; sourceTree = "<group>"; };
		42271EE011D14A1400E5FFE1 /* NCInfoView.m */ = {isa = PBXFileReference; fileEncoding = 4; lastKnownFileType = sourcecode.c.objc; path = NCInfoView.m; sourceTree = "<group>"; };
		42271FB511D14AE700E5FFE1 /* WebKit.framework */ = {isa = PBXFileReference; lastKnownFileType = wrapper.framework; name = WebKit.framework; path = System/Library/Frameworks/WebKit.framework; sourceTree = SDKROOT; };
		4227207011D14EE200E5FFE1 /* test.html */ = {isa = PBXFileReference; fileEncoding = 4; lastKnownFileType = text.html; path = test.html; sourceTree = "<group>"; };
		422F1FFC11A84DD40029C47A /* NCCore Test.octest */ = {isa = PBXFileReference; explicitFileType = wrapper.cfbundle; includeInIndex = 0; path = "NCCore Test.octest"; sourceTree = BUILT_PRODUCTS_DIR; };
		422F1FFD11A84DD40029C47A /* NCCore Test-Info.plist */ = {isa = PBXFileReference; lastKnownFileType = text.plist.xml; path = "NCCore Test-Info.plist"; sourceTree = "<group>"; };
		422F205311A851420029C47A /* Cocoa.framework */ = {isa = PBXFileReference; lastKnownFileType = wrapper.framework; name = Cocoa.framework; path = System/Library/Frameworks/Cocoa.framework; sourceTree = SDKROOT; };
		422F208211A853C40029C47A /* NCCommonTest.h */ = {isa = PBXFileReference; fileEncoding = 4; lastKnownFileType = sourcecode.c.h; path = NCCommonTest.h; sourceTree = "<group>"; };
		422F208311A853C40029C47A /* NCCommonTest.m */ = {isa = PBXFileReference; fileEncoding = 4; lastKnownFileType = sourcecode.c.objc; path = NCCommonTest.m; sourceTree = "<group>"; };
		4231C58D120633FE004BBB41 /* FPOCsvWriter.h */ = {isa = PBXFileReference; fileEncoding = 4; lastKnownFileType = sourcecode.c.h; name = FPOCsvWriter.h; path = "../SharedCode Core+Worker/source/FPOCsvWriter.h"; sourceTree = SOURCE_ROOT; };
		4231C58E120633FE004BBB41 /* FPOICsvWriter.h */ = {isa = PBXFileReference; fileEncoding = 4; lastKnownFileType = sourcecode.c.h; name = FPOICsvWriter.h; path = "../SharedCode Core+Worker/source/FPOICsvWriter.h"; sourceTree = SOURCE_ROOT; };
		4231C58F120633FE004BBB41 /* NCTimeProfiler.h */ = {isa = PBXFileReference; fileEncoding = 4; lastKnownFileType = sourcecode.c.h; name = NCTimeProfiler.h; path = "../SharedCode Core+Worker/source/NCTimeProfiler.h"; sourceTree = SOURCE_ROOT; };
		423451EF123E95E000FDAAA5 /* NCPermissionSheet.h */ = {isa = PBXFileReference; fileEncoding = 4; lastKnownFileType = sourcecode.c.h; path = NCPermissionSheet.h; sourceTree = "<group>"; };
		423451F0123E95E000FDAAA5 /* NCPermissionSheet.m */ = {isa = PBXFileReference; fileEncoding = 4; lastKnownFileType = sourcecode.c.objc; path = NCPermissionSheet.m; sourceTree = "<group>"; };
		42398B7013C25DD000220EA6 /* VerticalLayoutView.m */ = {isa = PBXFileReference; fileEncoding = 4; lastKnownFileType = sourcecode.c.objc; path = VerticalLayoutView.m; sourceTree = "<group>"; };
		42398B7113C25DD000220EA6 /* VerticalLayoutView.h */ = {isa = PBXFileReference; fileEncoding = 4; lastKnownFileType = sourcecode.c.h; path = VerticalLayoutView.h; sourceTree = "<group>"; };
		423CD53212259BBD00659683 /* NCImageCache.h */ = {isa = PBXFileReference; fileEncoding = 4; lastKnownFileType = sourcecode.c.h; path = NCImageCache.h; sourceTree = "<group>"; };
		423CD53312259BBD00659683 /* NCImageCache.m */ = {isa = PBXFileReference; fileEncoding = 4; lastKnownFileType = sourcecode.c.objc; path = NCImageCache.m; sourceTree = "<group>"; };
		42577A421210790F000165E1 /* NCFileEventManager.h */ = {isa = PBXFileReference; fileEncoding = 4; lastKnownFileType = sourcecode.c.h; name = NCFileEventManager.h; path = "../SharedCode Core+Worker/source/NCFileEventManager.h"; sourceTree = SOURCE_ROOT; };
		425A7C0F1198736B008C328E /* NCCoreFramework-Info.plist */ = {isa = PBXFileReference; fileEncoding = 4; lastKnownFileType = text.plist.xml; path = "NCCoreFramework-Info.plist"; sourceTree = "<group>"; };
		425A7E6D11992317008C328E /* mkdir.png */ = {isa = PBXFileReference; lastKnownFileType = image.png; name = mkdir.png; path = images_framework/mkdir.png; sourceTree = "<group>"; };
		425A7E6E11992317008C328E /* mkfile.png */ = {isa = PBXFileReference; lastKnownFileType = image.png; name = mkfile.png; path = images_framework/mkfile.png; sourceTree = "<group>"; };
		425A7EAC11992B4B008C328E /* cd_parent_dir2.png */ = {isa = PBXFileReference; lastKnownFileType = image.png; name = cd_parent_dir2.png; path = images_framework/cd_parent_dir2.png; sourceTree = "<group>"; };
		425A828511A5F02C008C328E /* SmallGenericDocumentIconLink.png */ = {isa = PBXFileReference; lastKnownFileType = image.png; name = SmallGenericDocumentIconLink.png; path = images_framework/SmallGenericDocumentIconLink.png; sourceTree = "<group>"; };
		425A828611A5F02C008C328E /* SmallGenericFolderIconLink.png */ = {isa = PBXFileReference; lastKnownFileType = image.png; name = SmallGenericFolderIconLink.png; path = images_framework/SmallGenericFolderIconLink.png; sourceTree = "<group>"; };
		425A828711A5F02C008C328E /* unknown_link.png */ = {isa = PBXFileReference; lastKnownFileType = image.png; name = unknown_link.png; path = images_framework/unknown_link.png; sourceTree = "<group>"; };
		425A828811A5F02C008C328E /* unknown.png */ = {isa = PBXFileReference; lastKnownFileType = image.png; name = unknown.png; path = images_framework/unknown.png; sourceTree = "<group>"; };
		425D7DE811C54E5500F9A9A6 /* NCWorker.xcodeproj */ = {isa = PBXFileReference; lastKnownFileType = "wrapper.pb-project"; name = NCWorker.xcodeproj; path = ../NCWorker/NCWorker.xcodeproj; sourceTree = SOURCE_ROOT; };
		425D7E2711C5564000F9A9A6 /* NCWorker.h */ = {isa = PBXFileReference; fileEncoding = 4; lastKnownFileType = sourcecode.c.h; name = NCWorker.h; path = ../NCWorker/Library/NCWorker.h; sourceTree = SOURCE_ROOT; };
		4263E26E124E76E8005A67E7 /* NCCopyOperationProtocol.h */ = {isa = PBXFileReference; fileEncoding = 4; lastKnownFileType = sourcecode.c.h; path = NCCopyOperationProtocol.h; sourceTree = "<group>"; };
		4263E297124E81EE005A67E7 /* NCCopyOperationDummy.h */ = {isa = PBXFileReference; fileEncoding = 4; lastKnownFileType = sourcecode.c.h; path = NCCopyOperationDummy.h; sourceTree = "<group>"; };
		4263E298124E81EE005A67E7 /* NCCopyOperationDummy.m */ = {isa = PBXFileReference; fileEncoding = 4; lastKnownFileType = sourcecode.c.objc; path = NCCopyOperationDummy.m; sourceTree = "<group>"; };
		4263E299124E81EE005A67E7 /* NCMoveOperationProtocol.h */ = {isa = PBXFileReference; fileEncoding = 4; lastKnownFileType = sourcecode.c.h; path = NCMoveOperationProtocol.h; sourceTree = "<group>"; };
		4263E2B9124E8A9B005A67E7 /* NCMoveOperationDummy.h */ = {isa = PBXFileReference; fileEncoding = 4; lastKnownFileType = sourcecode.c.h; path = NCMoveOperationDummy.h; sourceTree = "<group>"; };
		4263E2BA124E8A9B005A67E7 /* NCMoveOperationDummy.m */ = {isa = PBXFileReference; fileEncoding = 4; lastKnownFileType = sourcecode.c.objc; path = NCMoveOperationDummy.m; sourceTree = "<group>"; };
		426CD44013A9C4ED002E1791 /* NCPreferencesAdvancedController.h */ = {isa = PBXFileReference; fileEncoding = 4; lastKnownFileType = sourcecode.c.h; path = NCPreferencesAdvancedController.h; sourceTree = "<group>"; };
		426CD44113A9C4ED002E1791 /* NCPreferencesAdvancedController.m */ = {isa = PBXFileReference; fileEncoding = 4; lastKnownFileType = sourcecode.c.objc; path = NCPreferencesAdvancedController.m; sourceTree = "<group>"; };
		426CD44613A9C507002E1791 /* English */ = {isa = PBXFileReference; lastKnownFileType = file.xib; name = English; path = framework/English.lproj/PreferencesAdvanced.xib; sourceTree = "<group>"; };
		427A8A3811DEA17200DE7391 /* NSTabView+SwitchExtensions.h */ = {isa = PBXFileReference; fileEncoding = 4; lastKnownFileType = sourcecode.c.h; path = "NSTabView+SwitchExtensions.h"; sourceTree = "<group>"; };
		427A8A3911DEA17200DE7391 /* NSTabView+SwitchExtensions.m */ = {isa = PBXFileReference; fileEncoding = 4; lastKnownFileType = sourcecode.c.objc; path = "NSTabView+SwitchExtensions.m"; sourceTree = "<group>"; };
		42825594123CE6A100EA3618 /* NCCopySheet.h */ = {isa = PBXFileReference; fileEncoding = 4; lastKnownFileType = sourcecode.c.h; path = NCCopySheet.h; sourceTree = "<group>"; };
		42825595123CE6A100EA3618 /* NCCopySheet.m */ = {isa = PBXFileReference; fileEncoding = 4; lastKnownFileType = sourcecode.c.objc; path = NCCopySheet.m; sourceTree = "<group>"; };
		428255B8123D04C600EA3618 /* NCDeleteSheet.h */ = {isa = PBXFileReference; fileEncoding = 4; lastKnownFileType = sourcecode.c.h; path = NCDeleteSheet.h; sourceTree = "<group>"; };
		428255B9123D04C600EA3618 /* NCDeleteSheet.m */ = {isa = PBXFileReference; fileEncoding = 4; lastKnownFileType = sourcecode.c.objc; path = NCDeleteSheet.m; sourceTree = "<group>"; };
		4288D5381200058000DE1FFA /* NCLog.h */ = {isa = PBXFileReference; fileEncoding = 4; lastKnownFileType = sourcecode.c.h; name = NCLog.h; path = "../SharedCode Core+Worker/source/NCLog.h"; sourceTree = SOURCE_ROOT; };
		428DCD3311E52DB80048B3C6 /* Carbon.framework */ = {isa = PBXFileReference; lastKnownFileType = wrapper.framework; name = Carbon.framework; path = System/Library/Frameworks/Carbon.framework; sourceTree = SDKROOT; };
		428DCE8611E86F540048B3C6 /* NCListerDataSource.h */ = {isa = PBXFileReference; fileEncoding = 4; lastKnownFileType = sourcecode.c.h; path = NCListerDataSource.h; sourceTree = "<group>"; };
		428DD07C11ECDE9E0048B3C6 /* NSArray+PrependPath.h */ = {isa = PBXFileReference; fileEncoding = 4; lastKnownFileType = sourcecode.c.h; path = "NSArray+PrependPath.h"; sourceTree = "<group>"; };
		428DD07D11ECDE9E0048B3C6 /* NSArray+PrependPath.m */ = {isa = PBXFileReference; fileEncoding = 4; lastKnownFileType = sourcecode.c.objc; path = "NSArray+PrependPath.m"; sourceTree = "<group>"; };
		428DD08011ECDEAD0048B3C6 /* NSArray+PrependPathTest.h */ = {isa = PBXFileReference; fileEncoding = 4; lastKnownFileType = sourcecode.c.h; path = "NSArray+PrependPathTest.h"; sourceTree = "<group>"; };
		428DD08111ECDEAD0048B3C6 /* NSArray+PrependPathTest.m */ = {isa = PBXFileReference; fileEncoding = 4; lastKnownFileType = sourcecode.c.objc; path = "NSArray+PrependPathTest.m"; sourceTree = "<group>"; };
		428DD09F11ECE3050048B3C6 /* NSGradient+PredefinedGradients.h */ = {isa = PBXFileReference; fileEncoding = 4; lastKnownFileType = sourcecode.c.h; path = "NSGradient+PredefinedGradients.h"; sourceTree = "<group>"; };
		428DD0A011ECE3050048B3C6 /* NSGradient+PredefinedGradients.m */ = {isa = PBXFileReference; fileEncoding = 4; lastKnownFileType = sourcecode.c.objc; path = "NSGradient+PredefinedGradients.m"; sourceTree = "<group>"; };
		428DD0B611ECE4610048B3C6 /* NSTableView+ColumnLayout.h */ = {isa = PBXFileReference; fileEncoding = 4; lastKnownFileType = sourcecode.c.h; path = "NSTableView+ColumnLayout.h"; sourceTree = "<group>"; };
		428DD0B711ECE4610048B3C6 /* NSTableView+ColumnLayout.m */ = {isa = PBXFileReference; fileEncoding = 4; lastKnownFileType = sourcecode.c.objc; path = "NSTableView+ColumnLayout.m"; sourceTree = "<group>"; };
		428DD0BF11ECE5B20048B3C6 /* NSImage+ImageNamedForClass.h */ = {isa = PBXFileReference; fileEncoding = 4; lastKnownFileType = sourcecode.c.h; path = "NSImage+ImageNamedForClass.h"; sourceTree = "<group>"; };
		428DD0C011ECE5B20048B3C6 /* NSImage+ImageNamedForClass.m */ = {isa = PBXFileReference; fileEncoding = 4; lastKnownFileType = sourcecode.c.objc; path = "NSImage+ImageNamedForClass.m"; sourceTree = "<group>"; };
		4297057F111768D300830B40 /* NCBackground.h */ = {isa = PBXFileReference; fileEncoding = 4; lastKnownFileType = sourcecode.c.h; path = NCBackground.h; sourceTree = "<group>"; };
		42970580111768D300830B40 /* NCBackground.m */ = {isa = PBXFileReference; fileEncoding = 4; lastKnownFileType = sourcecode.c.objc; path = NCBackground.m; sourceTree = "<group>"; };
		429705B1111A2BA300830B40 /* NCLister.h */ = {isa = PBXFileReference; fileEncoding = 4; lastKnownFileType = sourcecode.c.h; path = NCLister.h; sourceTree = "<group>"; };
		429705B2111A2BA300830B40 /* NCLister.m */ = {isa = PBXFileReference; fileEncoding = 4; lastKnownFileType = sourcecode.c.objc; path = NCLister.m; sourceTree = "<group>"; };
		429705DB111A32B400830B40 /* NCListerTableView.h */ = {isa = PBXFileReference; fileEncoding = 4; lastKnownFileType = sourcecode.c.h; path = NCListerTableView.h; sourceTree = "<group>"; };
		429705DC111A32B400830B40 /* NCListerTableView.m */ = {isa = PBXFileReference; fileEncoding = 4; lastKnownFileType = sourcecode.c.objc; path = NCListerTableView.m; sourceTree = "<group>"; };
		429DC48D11C4DC570028CDEC /* Common.xcconfig */ = {isa = PBXFileReference; fileEncoding = 4; lastKnownFileType = text.xcconfig; path = Common.xcconfig; sourceTree = "<group>"; };
		42A868F911758A1D0061FC48 /* cd_parent_dir.png */ = {isa = PBXFileReference; lastKnownFileType = image.png; name = cd_parent_dir.png; path = images_framework/cd_parent_dir.png; sourceTree = "<group>"; };
		42A86913117591070061FC48 /* SmallGenericFolderIcon.png */ = {isa = PBXFileReference; lastKnownFileType = image.png; name = SmallGenericFolderIcon.png; path = images_framework/SmallGenericFolderIcon.png; sourceTree = "<group>"; };
		42A86914117591070061FC48 /* SmallGenericDocumentIcon.png */ = {isa = PBXFileReference; lastKnownFileType = image.png; name = SmallGenericDocumentIcon.png; path = images_framework/SmallGenericDocumentIcon.png; sourceTree = "<group>"; };
		42A86A72117B48C40061FC48 /* NCSplitView.h */ = {isa = PBXFileReference; fileEncoding = 4; lastKnownFileType = sourcecode.c.h; path = NCSplitView.h; sourceTree = "<group>"; };
		42A86A73117B48C40061FC48 /* NCSplitView.m */ = {isa = PBXFileReference; fileEncoding = 4; lastKnownFileType = sourcecode.c.objc; path = NCSplitView.m; sourceTree = "<group>"; };
		42A86B85117CFE390061FC48 /* Debug.xcconfig */ = {isa = PBXFileReference; fileEncoding = 4; lastKnownFileType = text.xcconfig; path = Debug.xcconfig; sourceTree = "<group>"; };
		42A86D071182C8CD0061FC48 /* NCPreferencesBookmarkController.h */ = {isa = PBXFileReference; fileEncoding = 4; lastKnownFileType = sourcecode.c.h; path = NCPreferencesBookmarkController.h; sourceTree = "<group>"; };
		42A86D081182C8CD0061FC48 /* NCPreferencesBookmarkController.m */ = {isa = PBXFileReference; fileEncoding = 4; lastKnownFileType = sourcecode.c.objc; path = NCPreferencesBookmarkController.m; sourceTree = "<group>"; };
		42A86D091182C8CD0061FC48 /* NCPreferencesGeneralController.h */ = {isa = PBXFileReference; fileEncoding = 4; lastKnownFileType = sourcecode.c.h; path = NCPreferencesGeneralController.h; sourceTree = "<group>"; };
		42A86D0A1182C8CD0061FC48 /* NCPreferencesGeneralController.m */ = {isa = PBXFileReference; fileEncoding = 4; lastKnownFileType = sourcecode.c.objc; path = NCPreferencesGeneralController.m; sourceTree = "<group>"; };
		42A86D0B1182C8CD0061FC48 /* NCPreferencesMenuController.h */ = {isa = PBXFileReference; fileEncoding = 4; lastKnownFileType = sourcecode.c.h; path = NCPreferencesMenuController.h; sourceTree = "<group>"; };
		42A86D0C1182C8CD0061FC48 /* NCPreferencesMenuController.m */ = {isa = PBXFileReference; fileEncoding = 4; lastKnownFileType = sourcecode.c.objc; path = NCPreferencesMenuController.m; sourceTree = "<group>"; };
		42A86D131182C8D90061FC48 /* MBPreferencesController.h */ = {isa = PBXFileReference; fileEncoding = 4; lastKnownFileType = sourcecode.c.h; path = MBPreferencesController.h; sourceTree = "<group>"; };
		42A86D141182C8D90061FC48 /* MBPreferencesController.m */ = {isa = PBXFileReference; fileEncoding = 4; lastKnownFileType = sourcecode.c.objc; path = MBPreferencesController.m; sourceTree = "<group>"; };
		42A86D181182C8FB0061FC48 /* English */ = {isa = PBXFileReference; lastKnownFileType = file.xib; name = English; path = framework/English.lproj/PreferencesBookmark.xib; sourceTree = "<group>"; };
		42A86D1A1182C8FB0061FC48 /* English */ = {isa = PBXFileReference; lastKnownFileType = file.xib; name = English; path = framework/English.lproj/PreferencesGeneral.xib; sourceTree = "<group>"; };
		42A86D1C1182C8FB0061FC48 /* English */ = {isa = PBXFileReference; lastKnownFileType = file.xib; name = English; path = framework/English.lproj/PreferencesMenu.xib; sourceTree = "<group>"; };
		42A86D3B1182D5390061FC48 /* NCMakeFileController.h */ = {isa = PBXFileReference; fileEncoding = 4; lastKnownFileType = sourcecode.c.h; path = NCMakeFileController.h; sourceTree = "<group>"; };
		42A86D3C1182D5390061FC48 /* NCMakeFileController.m */ = {isa = PBXFileReference; fileEncoding = 4; lastKnownFileType = sourcecode.c.objc; path = NCMakeFileController.m; sourceTree = "<group>"; };
		42A86D401182D5670061FC48 /* English */ = {isa = PBXFileReference; lastKnownFileType = file.xib; name = English; path = framework/English.lproj/MakeFile.xib; sourceTree = "<group>"; };
		42A86E3C11837A8F0061FC48 /* NCMakeDirController.h */ = {isa = PBXFileReference; fileEncoding = 4; lastKnownFileType = sourcecode.c.h; path = NCMakeDirController.h; sourceTree = "<group>"; };
		42A86E3D11837A8F0061FC48 /* NCMakeDirController.m */ = {isa = PBXFileReference; fileEncoding = 4; lastKnownFileType = sourcecode.c.objc; path = NCMakeDirController.m; sourceTree = "<group>"; };
		42A86E4111837B700061FC48 /* English */ = {isa = PBXFileReference; lastKnownFileType = file.xib; name = English; path = framework/English.lproj/MakeDir.xib; sourceTree = "<group>"; };
		42A86F3C11846C9C0061FC48 /* NSView+SubviewExtensions.h */ = {isa = PBXFileReference; fileEncoding = 4; lastKnownFileType = sourcecode.c.h; path = "NSView+SubviewExtensions.h"; sourceTree = "<group>"; };
		42A86F3D11846C9C0061FC48 /* NSView+SubviewExtensions.m */ = {isa = PBXFileReference; fileEncoding = 4; lastKnownFileType = sourcecode.c.objc; path = "NSView+SubviewExtensions.m"; sourceTree = "<group>"; };
		42A86FAC118610CC0061FC48 /* NCMakeLinkController.h */ = {isa = PBXFileReference; fileEncoding = 4; lastKnownFileType = sourcecode.c.h; path = NCMakeLinkController.h; sourceTree = "<group>"; };
		42A86FAD118610CC0061FC48 /* NCMakeLinkController.m */ = {isa = PBXFileReference; fileEncoding = 4; lastKnownFileType = sourcecode.c.objc; path = NCMakeLinkController.m; sourceTree = "<group>"; };
		42A86FB31186127B0061FC48 /* English */ = {isa = PBXFileReference; lastKnownFileType = file.xib; name = English; path = framework/English.lproj/MakeLink.xib; sourceTree = "<group>"; };
		42A870BE1194960B0061FC48 /* bookmark_icon.png */ = {isa = PBXFileReference; lastKnownFileType = image.png; name = bookmark_icon.png; path = images_framework/bookmark_icon.png; sourceTree = "<group>"; };
		42C150DE1151634A000A0547 /* Release.xcconfig */ = {isa = PBXFileReference; fileEncoding = 4; lastKnownFileType = text.xcconfig; path = Release.xcconfig; sourceTree = "<group>"; };
		42C151CF1152C5BC000A0547 /* NCCommon.h */ = {isa = PBXFileReference; fileEncoding = 4; lastKnownFileType = sourcecode.c.h; path = NCCommon.h; sourceTree = "<group>"; };
		42C151D01152C5BC000A0547 /* NCCommon.m */ = {isa = PBXFileReference; fileEncoding = 4; lastKnownFileType = sourcecode.c.objc; path = NCCommon.m; sourceTree = "<group>"; };
		42C1556B115615B7000A0547 /* Quartz.framework */ = {isa = PBXFileReference; lastKnownFileType = wrapper.framework; name = Quartz.framework; path = System/Library/Frameworks/Quartz.framework; sourceTree = SDKROOT; };
		42C1F47912074D3C00C1BCB5 /* NCPathControl.h */ = {isa = PBXFileReference; fileEncoding = 4; lastKnownFileType = sourcecode.c.h; path = NCPathControl.h; sourceTree = "<group>"; };
		42C1F47A12074D3C00C1BCB5 /* NCPathControl.m */ = {isa = PBXFileReference; fileEncoding = 4; lastKnownFileType = sourcecode.c.objc; path = NCPathControl.m; sourceTree = "<group>"; };
		42C1F67B1209E69800C1BCB5 /* NCVolumeStatus.h */ = {isa = PBXFileReference; fileEncoding = 4; lastKnownFileType = sourcecode.c.h; path = NCVolumeStatus.h; sourceTree = "<group>"; };
		42C1F67C1209E69800C1BCB5 /* NCVolumeStatus.m */ = {isa = PBXFileReference; fileEncoding = 4; lastKnownFileType = sourcecode.c.objc; path = NCVolumeStatus.m; sourceTree = "<group>"; };
		42C1F78F120AC32C00C1BCB5 /* NCScrollView.h */ = {isa = PBXFileReference; fileEncoding = 4; lastKnownFileType = sourcecode.c.h; path = NCScrollView.h; sourceTree = "<group>"; };
		42C1F790120AC32C00C1BCB5 /* NCScrollView.m */ = {isa = PBXFileReference; fileEncoding = 4; lastKnownFileType = sourcecode.c.objc; path = NCScrollView.m; sourceTree = "<group>"; };
		42C2186E1124911B007097ED /* NCListerTableHeaderView.h */ = {isa = PBXFileReference; fileEncoding = 4; lastKnownFileType = sourcecode.c.h; path = NCListerTableHeaderView.h; sourceTree = "<group>"; };
		42C2186F1124911B007097ED /* NCListerTableHeaderView.m */ = {isa = PBXFileReference; fileEncoding = 4; lastKnownFileType = sourcecode.c.objc; path = NCListerTableHeaderView.m; sourceTree = "<group>"; };
		42C219441129C9B6007097ED /* NCListerScroller.h */ = {isa = PBXFileReference; fileEncoding = 4; lastKnownFileType = sourcecode.c.h; path = NCListerScroller.h; sourceTree = "<group>"; };
		42C219451129C9B6007097ED /* NCListerScroller.m */ = {isa = PBXFileReference; fileEncoding = 4; lastKnownFileType = sourcecode.c.objc; path = NCListerScroller.m; sourceTree = "<group>"; };
		42C219811129F4E6007097ED /* NCListerCounter.h */ = {isa = PBXFileReference; fileEncoding = 4; lastKnownFileType = sourcecode.c.h; path = NCListerCounter.h; sourceTree = "<group>"; };
		42C219821129F4E6007097ED /* NCListerCounter.m */ = {isa = PBXFileReference; fileEncoding = 4; lastKnownFileType = sourcecode.c.objc; path = NCListerCounter.m; sourceTree = "<group>"; };
		42C220CE1148FE7B007097ED /* NCListerTableTextCell.h */ = {isa = PBXFileReference; fileEncoding = 4; lastKnownFileType = sourcecode.c.h; path = NCListerTableTextCell.h; sourceTree = "<group>"; };
		42C220CF1148FE7B007097ED /* NCListerTableTextCell.m */ = {isa = PBXFileReference; fileEncoding = 4; lastKnownFileType = sourcecode.c.objc; path = NCListerTableTextCell.m; sourceTree = "<group>"; };
		42C54F3611A9327400EAE67A /* NCGotoFolderController.h */ = {isa = PBXFileReference; fileEncoding = 4; lastKnownFileType = sourcecode.c.h; path = NCGotoFolderController.h; sourceTree = "<group>"; };
		42C54F3711A9327400EAE67A /* NCGotoFolderController.m */ = {isa = PBXFileReference; fileEncoding = 4; lastKnownFileType = sourcecode.c.objc; path = NCGotoFolderController.m; sourceTree = "<group>"; };
		42C5512611AA71E100EAE67A /* NCImageAndTextCell.h */ = {isa = PBXFileReference; fileEncoding = 4; lastKnownFileType = sourcecode.c.h; path = NCImageAndTextCell.h; sourceTree = "<group>"; };
		42C5512711AA71E100EAE67A /* NCImageAndTextCell.m */ = {isa = PBXFileReference; fileEncoding = 4; lastKnownFileType = sourcecode.c.objc; path = NCImageAndTextCell.m; sourceTree = "<group>"; };
		42C5528F11AABC9A00EAE67A /* NCPermissionCell.h */ = {isa = PBXFileReference; fileEncoding = 4; lastKnownFileType = sourcecode.c.h; path = NCPermissionCell.h; sourceTree = "<group>"; };
		42C5529011AABC9A00EAE67A /* NCPermissionCell.m */ = {isa = PBXFileReference; fileEncoding = 4; lastKnownFileType = sourcecode.c.objc; path = NCPermissionCell.m; sourceTree = "<group>"; };
		42D158AC11614A5F00F66068 /* MAAttachedWindow.h */ = {isa = PBXFileReference; fileEncoding = 4; lastKnownFileType = sourcecode.c.h; path = MAAttachedWindow.h; sourceTree = "<group>"; };
		42D158AD11614A5F00F66068 /* MAAttachedWindow.m */ = {isa = PBXFileReference; fileEncoding = 4; lastKnownFileType = sourcecode.c.objc; path = MAAttachedWindow.m; sourceTree = "<group>"; };
		42D159AD116BA27500F66068 /* NCTableHeaderView.m */ = {isa = PBXFileReference; fileEncoding = 4; lastKnownFileType = sourcecode.c.objc; path = NCTableHeaderView.m; sourceTree = "<group>"; };
		42D159AE116BA27500F66068 /* NCTableHeaderView.h */ = {isa = PBXFileReference; fileEncoding = 4; lastKnownFileType = sourcecode.c.h; path = NCTableHeaderView.h; sourceTree = "<group>"; };
		42D159AF116BA27500F66068 /* NCTableHeaderCell.m */ = {isa = PBXFileReference; fileEncoding = 4; lastKnownFileType = sourcecode.c.objc; path = NCTableHeaderCell.m; sourceTree = "<group>"; };
		42D159B0116BA27500F66068 /* NCTableHeaderCell.h */ = {isa = PBXFileReference; fileEncoding = 4; lastKnownFileType = sourcecode.c.h; path = NCTableHeaderCell.h; sourceTree = "<group>"; };
		42D159B1116BA27500F66068 /* NCTableCornerView.h */ = {isa = PBXFileReference; fileEncoding = 4; lastKnownFileType = sourcecode.c.h; path = NCTableCornerView.h; sourceTree = "<group>"; };
		42D159B2116BA27500F66068 /* NCTableCornerView.m */ = {isa = PBXFileReference; fileEncoding = 4; lastKnownFileType = sourcecode.c.objc; path = NCTableCornerView.m; sourceTree = "<group>"; };
		42D159B7116BA27500F66068 /* NCScroller.m */ = {isa = PBXFileReference; fileEncoding = 4; lastKnownFileType = sourcecode.c.objc; path = NCScroller.m; sourceTree = "<group>"; };
		42D159B8116BA27500F66068 /* NCScroller.h */ = {isa = PBXFileReference; fileEncoding = 4; lastKnownFileType = sourcecode.c.h; path = NCScroller.h; sourceTree = "<group>"; };
		42D44A0B1216EE6100CB5BF5 /* NCMoveSheet.h */ = {isa = PBXFileReference; fileEncoding = 4; lastKnownFileType = sourcecode.c.h; path = NCMoveSheet.h; sourceTree = "<group>"; };
		42D44A0C1216EE6100CB5BF5 /* NCMoveSheet.m */ = {isa = PBXFileReference; fileEncoding = 4; lastKnownFileType = sourcecode.c.objc; path = NCMoveSheet.m; sourceTree = "<group>"; };
		42D44A5E12172C3800CB5BF5 /* NCDateCell.h */ = {isa = PBXFileReference; fileEncoding = 4; lastKnownFileType = sourcecode.c.h; path = NCDateCell.h; sourceTree = "<group>"; };
		42D44A5F12172C3800CB5BF5 /* NCDateCell.m */ = {isa = PBXFileReference; fileEncoding = 4; lastKnownFileType = sourcecode.c.objc; path = NCDateCell.m; sourceTree = "<group>"; };
		42DBA07E11F2020D00DD57A8 /* NCFileItem.h */ = {isa = PBXFileReference; fileEncoding = 4; lastKnownFileType = sourcecode.c.h; name = NCFileItem.h; path = "../SharedCode Core+Worker/source/NCFileItem.h"; sourceTree = SOURCE_ROOT; };
		42DBA09711F2024400DD57A8 /* NCListerItem.h */ = {isa = PBXFileReference; fileEncoding = 4; lastKnownFileType = sourcecode.c.h; path = NCListerItem.h; sourceTree = "<group>"; };
		42DBA09811F2024400DD57A8 /* NCListerItem.m */ = {isa = PBXFileReference; fileEncoding = 4; lastKnownFileType = sourcecode.c.objc; path = NCListerItem.m; sourceTree = "<group>"; };
		42E0E41F11F11ECC00029764 /* NCFileManager.h */ = {isa = PBXFileReference; fileEncoding = 4; lastKnownFileType = sourcecode.c.h; name = NCFileManager.h; path = "../SharedCode Core+Worker/source/NCFileManager.h"; sourceTree = SOURCE_ROOT; };
		42FEEC8512108F90000E031B /* FPOCsvWriter.m */ = {isa = PBXFileReference; fileEncoding = 4; lastKnownFileType = sourcecode.c.objc; name = FPOCsvWriter.m; path = "../SharedCode Core+Worker/source/FPOCsvWriter.m"; sourceTree = SOURCE_ROOT; };
		42FEEC8612108F90000E031B /* NCDirEnumerator.m */ = {isa = PBXFileReference; fileEncoding = 4; lastKnownFileType = sourcecode.c.objc; name = NCDirEnumerator.m; path = "../SharedCode Core+Worker/source/NCDirEnumerator.m"; sourceTree = SOURCE_ROOT; };
		42FEEC8712108F90000E031B /* NCFileEventManager.m */ = {isa = PBXFileReference; fileEncoding = 4; lastKnownFileType = sourcecode.c.objc; name = NCFileEventManager.m; path = "../SharedCode Core+Worker/source/NCFileEventManager.m"; sourceTree = SOURCE_ROOT; };
		42FEEC8812108F90000E031B /* NCFileItem.m */ = {isa = PBXFileReference; fileEncoding = 4; lastKnownFileType = sourcecode.c.objc; name = NCFileItem.m; path = "../SharedCode Core+Worker/source/NCFileItem.m"; sourceTree = SOURCE_ROOT; };
		42FEEC8912108F90000E031B /* NCFileManager.m */ = {isa = PBXFileReference; fileEncoding = 4; lastKnownFileType = sourcecode.c.objc; name = NCFileManager.m; path = "../SharedCode Core+Worker/source/NCFileManager.m"; sourceTree = SOURCE_ROOT; };
		42FEEC8A12108F90000E031B /* NCLog.m */ = {isa = PBXFileReference; fileEncoding = 4; lastKnownFileType = sourcecode.c.objc; name = NCLog.m; path = "../SharedCode Core+Worker/source/NCLog.m"; sourceTree = SOURCE_ROOT; };
		42FEEC8B12108F90000E031B /* NCTimeProfiler.m */ = {isa = PBXFileReference; fileEncoding = 4; lastKnownFileType = sourcecode.c.objc; name = NCTimeProfiler.m; path = "../SharedCode Core+Worker/source/NCTimeProfiler.m"; sourceTree = SOURCE_ROOT; };
		42FEEC8C12108F90000E031B /* sc_finder_info_manager.h */ = {isa = PBXFileReference; fileEncoding = 4; lastKnownFileType = sourcecode.c.h; name = sc_finder_info_manager.h; path = "../SharedCode Core+Worker/source/sc_finder_info_manager.h"; sourceTree = SOURCE_ROOT; };
		42FEEC8D12108F90000E031B /* sc_finder_info_manager.m */ = {isa = PBXFileReference; fileEncoding = 4; lastKnownFileType = sourcecode.c.objc; name = sc_finder_info_manager.m; path = "../SharedCode Core+Worker/source/sc_finder_info_manager.m"; sourceTree = SOURCE_ROOT; };
		42FEEC8E12108F90000E031B /* sc_resource_fork_manager.h */ = {isa = PBXFileReference; fileEncoding = 4; lastKnownFileType = sourcecode.c.h; name = sc_resource_fork_manager.h; path = "../SharedCode Core+Worker/source/sc_resource_fork_manager.h"; sourceTree = SOURCE_ROOT; };
		42FEEC8F12108F90000E031B /* sc_resource_fork_manager.m */ = {isa = PBXFileReference; fileEncoding = 4; lastKnownFileType = sourcecode.c.objc; name = sc_resource_fork_manager.m; path = "../SharedCode Core+Worker/source/sc_resource_fork_manager.m"; sourceTree = SOURCE_ROOT; };
		42FEEC9012108F90000E031B /* sc_scanner.h */ = {isa = PBXFileReference; fileEncoding = 4; lastKnownFileType = sourcecode.c.h; name = sc_scanner.h; path = "../SharedCode Core+Worker/source/sc_scanner.h"; sourceTree = SOURCE_ROOT; };
		42FEEC9112108F90000E031B /* sc_scanner.m */ = {isa = PBXFileReference; fileEncoding = 4; lastKnownFileType = sourcecode.c.objc; name = sc_scanner.m; path = "../SharedCode Core+Worker/source/sc_scanner.m"; sourceTree = SOURCE_ROOT; };
		42FEEC9212108F90000E031B /* sc_tov_copier.h */ = {isa = PBXFileReference; fileEncoding = 4; lastKnownFileType = sourcecode.c.h; name = sc_tov_copier.h; path = "../SharedCode Core+Worker/source/sc_tov_copier.h"; sourceTree = SOURCE_ROOT; };
		42FEEC9312108F90000E031B /* sc_tov_copier.m */ = {isa = PBXFileReference; fileEncoding = 4; lastKnownFileType = sourcecode.c.objc; name = sc_tov_copier.m; path = "../SharedCode Core+Worker/source/sc_tov_copier.m"; sourceTree = SOURCE_ROOT; };
		42FEEC9412108F90000E031B /* sc_tov_print.h */ = {isa = PBXFileReference; fileEncoding = 4; lastKnownFileType = sourcecode.c.h; name = sc_tov_print.h; path = "../SharedCode Core+Worker/source/sc_tov_print.h"; sourceTree = SOURCE_ROOT; };
		42FEEC9512108F90000E031B /* sc_tov_print.m */ = {isa = PBXFileReference; fileEncoding = 4; lastKnownFileType = sourcecode.c.objc; name = sc_tov_print.m; path = "../SharedCode Core+Worker/source/sc_tov_print.m"; sourceTree = SOURCE_ROOT; };
		42FEEC9612108F90000E031B /* sc_transfer.h */ = {isa = PBXFileReference; fileEncoding = 4; lastKnownFileType = sourcecode.c.h; name = sc_transfer.h; path = "../SharedCode Core+Worker/source/sc_transfer.h"; sourceTree = SOURCE_ROOT; };
		42FEEC9712108F90000E031B /* sc_transfer.m */ = {isa = PBXFileReference; fileEncoding = 4; lastKnownFileType = sourcecode.c.objc; name = sc_transfer.m; path = "../SharedCode Core+Worker/source/sc_transfer.m"; sourceTree = SOURCE_ROOT; };
		42FEEC9812108F90000E031B /* sc_traversal_objects.h */ = {isa = PBXFileReference; fileEncoding = 4; lastKnownFileType = sourcecode.c.h; name = sc_traversal_objects.h; path = "../SharedCode Core+Worker/source/sc_traversal_objects.h"; sourceTree = SOURCE_ROOT; };
		42FEEC9912108F90000E031B /* sc_traversal_objects.m */ = {isa = PBXFileReference; fileEncoding = 4; lastKnownFileType = sourcecode.c.objc; name = sc_traversal_objects.m; path = "../SharedCode Core+Worker/source/sc_traversal_objects.m"; sourceTree = SOURCE_ROOT; };
		53DF68FD067E5B5A0090B5B0 /* NCCore.framework */ = {isa = PBXFileReference; explicitFileType = wrapper.framework; includeInIndex = 0; path = NCCore.framework; sourceTree = BUILT_PRODUCTS_DIR; };
		8D1AC9730486D14A00FE50C9 /* Info.plist */ = {isa = PBXFileReference; fileEncoding = 4; lastKnownFileType = text.plist; path = Info.plist; sourceTree = "<group>"; };
		C0D069550A49DF9100C95564 /* InterfaceBuilderKit.framework */ = {isa = PBXFileReference; lastKnownFileType = wrapper.framework; name = InterfaceBuilderKit.framework; path = /Developer/Library/Frameworks/InterfaceBuilderKit.framework; sourceTree = "<absolute>"; };
		DD92D38A0106425D02CA0E72 /* Cocoa.framework */ = {isa = PBXFileReference; lastKnownFileType = wrapper.framework; name = Cocoa.framework; path = /System/Library/Frameworks/Cocoa.framework; sourceTree = "<absolute>"; };
/* End PBXFileReference section */

/* Begin PBXFrameworksBuildPhase section */
		422F1FF911A84DD40029C47A /* Frameworks */ = {
			isa = PBXFrameworksBuildPhase;
			buildActionMask = 2147483647;
			files = (
				422F205011A851330029C47A /* NCCore.framework in Frameworks */,
				422F205411A851420029C47A /* Cocoa.framework in Frameworks */,
				422F222211A90E300029C47A /* Quartz.framework in Frameworks */,
			);
			runOnlyForDeploymentPostprocessing = 0;
		};
		53DF68FB067E5B5A0090B5B0 /* Frameworks */ = {
			isa = PBXFrameworksBuildPhase;
			buildActionMask = 2147483647;
			files = (
				42271FB911D14AF400E5FFE1 /* WebKit.framework in Frameworks */,
				425D7DF911C54EDB00F9A9A6 /* libNCWorkerLib.a in Frameworks */,
				13F8B89007B43554008AE28D /* Cocoa.framework in Frameworks */,
				42C1556C115615B7000A0547 /* Quartz.framework in Frameworks */,
			);
			runOnlyForDeploymentPostprocessing = 0;
		};
/* End PBXFrameworksBuildPhase section */

/* Begin PBXGroup section */
		0259C574FE90428111CA0C5A /* NCToolkit */ = {
			isa = PBXGroup;
			children = (
				42107A2011F11820001372D8 /* Headers Worker */,
				42107A1A11F117DD001372D8 /* SharedCode */,
				425D7DE811C54E5500F9A9A6 /* NCWorker.xcodeproj */,
				422F201A11A84E730029C47A /* source */,
				54D33B2C06778E4400C9C163 /* Framework */,
				1ED78706FE9D4A0611CA0C5A /* Products */,
				2E58F364FFB232C311CA0CBA /* Frameworks */,
				422F1FFD11A84DD40029C47A /* NCCore Test-Info.plist */,
			);
			name = NCToolkit;
			sourceTree = "<group>";
		};
		0259C582FE90428111CA0C5A /* Resources */ = {
			isa = PBXGroup;
			children = (
				422229D611D6CFA200475062 /* GotoFolder.xib */,
				426CD44513A9C507002E1791 /* PreferencesAdvanced.xib */,
				42A86D171182C8FB0061FC48 /* PreferencesBookmark.xib */,
				42A86D191182C8FB0061FC48 /* PreferencesGeneral.xib */,
				42A86D1B1182C8FB0061FC48 /* PreferencesMenu.xib */,
				42A86D3F1182D5670061FC48 /* MakeFile.xib */,
				42A86E4011837B700061FC48 /* MakeDir.xib */,
				42A86FB21186127B0061FC48 /* MakeLink.xib */,
				429DC48D11C4DC570028CDEC /* Common.xcconfig */,
				42C150DE1151634A000A0547 /* Release.xcconfig */,
				42A86B85117CFE390061FC48 /* Debug.xcconfig */,
				4227207011D14EE200E5FFE1 /* test.html */,
				425A7C0F1198736B008C328E /* NCCoreFramework-Info.plist */,
				8D1AC9730486D14A00FE50C9 /* Info.plist */,
			);
			name = Resources;
			sourceTree = "<group>";
		};
		13F8B6FD07B43410008AE28D /* Linked Frameworks */ = {
			isa = PBXGroup;
			children = (
				428DCD3311E52DB80048B3C6 /* Carbon.framework */,
				422F205311A851420029C47A /* Cocoa.framework */,
				42C1556B115615B7000A0547 /* Quartz.framework */,
				DD92D38A0106425D02CA0E72 /* Cocoa.framework */,
				C0D069550A49DF9100C95564 /* InterfaceBuilderKit.framework */,
				42271FB511D14AE700E5FFE1 /* WebKit.framework */,
			);
			name = "Linked Frameworks";
			sourceTree = "<group>";
		};
		13F8B70407B43425008AE28D /* Other Frameworks */ = {
			isa = PBXGroup;
			children = (
				13F8B88807B434F6008AE28D /* AppKit.framework */,
				13F8B88907B434F6008AE28D /* CoreData.framework */,
				13F8B88A07B434F6008AE28D /* Foundation.framework */,
			);
			name = "Other Frameworks";
			sourceTree = "<group>";
		};
		1ED78706FE9D4A0611CA0C5A /* Products */ = {
			isa = PBXGroup;
			children = (
				53DF68FD067E5B5A0090B5B0 /* NCCore.framework */,
				422F1FFC11A84DD40029C47A /* NCCore Test.octest */,
			);
			name = Products;
			sourceTree = "<group>";
		};
		2E58F364FFB232C311CA0CBA /* Frameworks */ = {
			isa = PBXGroup;
			children = (
				13F8B6FD07B43410008AE28D /* Linked Frameworks */,
				13F8B70407B43425008AE28D /* Other Frameworks */,
			);
			name = Frameworks;
			sourceTree = "<group>";
		};
		42107A1A11F117DD001372D8 /* SharedCode */ = {
			isa = PBXGroup;
			children = (
				42FEEC8512108F90000E031B /* FPOCsvWriter.m */,
				42FEEC8612108F90000E031B /* NCDirEnumerator.m */,
				42FEEC8712108F90000E031B /* NCFileEventManager.m */,
				42FEEC8812108F90000E031B /* NCFileItem.m */,
				42FEEC8912108F90000E031B /* NCFileManager.m */,
				42FEEC8A12108F90000E031B /* NCLog.m */,
				42FEEC8B12108F90000E031B /* NCTimeProfiler.m */,
				42FEEC8C12108F90000E031B /* sc_finder_info_manager.h */,
				42FEEC8D12108F90000E031B /* sc_finder_info_manager.m */,
				42FEEC8E12108F90000E031B /* sc_resource_fork_manager.h */,
				42FEEC8F12108F90000E031B /* sc_resource_fork_manager.m */,
				42FEEC9012108F90000E031B /* sc_scanner.h */,
				42FEEC9112108F90000E031B /* sc_scanner.m */,
				42FEEC9212108F90000E031B /* sc_tov_copier.h */,
				42FEEC9312108F90000E031B /* sc_tov_copier.m */,
				42FEEC9412108F90000E031B /* sc_tov_print.h */,
				42FEEC9512108F90000E031B /* sc_tov_print.m */,
				42FEEC9612108F90000E031B /* sc_transfer.h */,
				42FEEC9712108F90000E031B /* sc_transfer.m */,
				42FEEC9812108F90000E031B /* sc_traversal_objects.h */,
				42FEEC9912108F90000E031B /* sc_traversal_objects.m */,
				42577A421210790F000165E1 /* NCFileEventManager.h */,
				4231C58D120633FE004BBB41 /* FPOCsvWriter.h */,
				4231C58E120633FE004BBB41 /* FPOICsvWriter.h */,
				4231C58F120633FE004BBB41 /* NCTimeProfiler.h */,
				4288D5381200058000DE1FFA /* NCLog.h */,
				42DBA07E11F2020D00DD57A8 /* NCFileItem.h */,
				42E0E41F11F11ECC00029764 /* NCFileManager.h */,
				42107A1C11F1180A001372D8 /* NCDirEnumerator.h */,
			);
			name = SharedCode;
			sourceTree = "<group>";
		};
		42107A2011F11820001372D8 /* Headers Worker */ = {
			isa = PBXGroup;
			children = (
				425D7E2711C5564000F9A9A6 /* NCWorker.h */,
			);
			name = "Headers Worker";
			sourceTree = "<group>";
		};
		422F201A11A84E730029C47A /* source */ = {
			isa = PBXGroup;
			children = (
				428DD08011ECDEAD0048B3C6 /* NSArray+PrependPathTest.h */,
				428DD08111ECDEAD0048B3C6 /* NSArray+PrependPathTest.m */,
				422F208211A853C40029C47A /* NCCommonTest.h */,
				422F208311A853C40029C47A /* NCCommonTest.m */,
				427A8A3811DEA17200DE7391 /* NSTabView+SwitchExtensions.h */,
				427A8A3911DEA17200DE7391 /* NSTabView+SwitchExtensions.m */,
			);
			path = source;
			sourceTree = "<group>";
		};
		425D7DE911C54E5500F9A9A6 /* Products */ = {
			isa = PBXGroup;
			children = (
				425D7DEF11C54E5500F9A9A6 /* NCWorkerTest.app */,
				425D7DF111C54E5500F9A9A6 /* NewtonCommanderHelper */,
				425D7DF311C54E5500F9A9A6 /* libNCWorkerLib.a */,
			);
			name = Products;
			sourceTree = "<group>";
		};
		42A868F8117589F90061FC48 /* images_framework */ = {
			isa = PBXGroup;
			children = (
				42010E331206EDA70002191E /* go_back.icns */,
				425A828511A5F02C008C328E /* SmallGenericDocumentIconLink.png */,
				425A828611A5F02C008C328E /* SmallGenericFolderIconLink.png */,
				425A828711A5F02C008C328E /* unknown_link.png */,
				425A828811A5F02C008C328E /* unknown.png */,
				425A7EAC11992B4B008C328E /* cd_parent_dir2.png */,
				425A7E6D11992317008C328E /* mkdir.png */,
				425A7E6E11992317008C328E /* mkfile.png */,
				42A870BE1194960B0061FC48 /* bookmark_icon.png */,
				42A86913117591070061FC48 /* SmallGenericFolderIcon.png */,
				42A86914117591070061FC48 /* SmallGenericDocumentIcon.png */,
				42A868F911758A1D0061FC48 /* cd_parent_dir.png */,
			);
			name = images_framework;
			sourceTree = "<group>";
		};
		54D33B2C06778E4400C9C163 /* Framework */ = {
			isa = PBXGroup;
			children = (
				0259C582FE90428111CA0C5A /* Resources */,
				42A868F8117589F90061FC48 /* images_framework */,
				C0894DA40C32F4C100401507 /* source */,
			);
			name = Framework;
			sourceTree = "<group>";
		};
		C0894DA40C32F4C100401507 /* source */ = {
			isa = PBXGroup;
			children = (
				42398B7013C25DD000220EA6 /* VerticalLayoutView.m */,
				42398B7113C25DD000220EA6 /* VerticalLayoutView.h */,
				426CD44013A9C4ED002E1791 /* NCPreferencesAdvancedController.h */,
				426CD44113A9C4ED002E1791 /* NCPreferencesAdvancedController.m */,
				4263E2B9124E8A9B005A67E7 /* NCMoveOperationDummy.h */,
				4263E2BA124E8A9B005A67E7 /* NCMoveOperationDummy.m */,
				4263E297124E81EE005A67E7 /* NCCopyOperationDummy.h */,
				4263E298124E81EE005A67E7 /* NCCopyOperationDummy.m */,
				4263E299124E81EE005A67E7 /* NCMoveOperationProtocol.h */,
				4263E26E124E76E8005A67E7 /* NCCopyOperationProtocol.h */,
				428255B8123D04C600EA3618 /* NCDeleteSheet.h */,
				428255B9123D04C600EA3618 /* NCDeleteSheet.m */,
				42825594123CE6A100EA3618 /* NCCopySheet.h */,
				42825595123CE6A100EA3618 /* NCCopySheet.m */,
				4210796211F0B75C001372D8 /* NCListerDataSourceAdvanced.h */,
				4210796311F0B75C001372D8 /* NCListerDataSourceAdvanced.m */,
				421078A611EF6639001372D8 /* NCListerBreadcrumb.h */,
				421078A711EF6639001372D8 /* NCListerBreadcrumb.m */,
				428DD0BF11ECE5B20048B3C6 /* NSImage+ImageNamedForClass.h */,
				428DD0C011ECE5B20048B3C6 /* NSImage+ImageNamedForClass.m */,
				428DD0B611ECE4610048B3C6 /* NSTableView+ColumnLayout.h */,
				428DD0B711ECE4610048B3C6 /* NSTableView+ColumnLayout.m */,
				428DD09F11ECE3050048B3C6 /* NSGradient+PredefinedGradients.h */,
				428DD0A011ECE3050048B3C6 /* NSGradient+PredefinedGradients.m */,
				428DD07C11ECDE9E0048B3C6 /* NSArray+PrependPath.h */,
				428DD07D11ECDE9E0048B3C6 /* NSArray+PrependPath.m */,
				42A86D131182C8D90061FC48 /* MBPreferencesController.h */,
				42A86D141182C8D90061FC48 /* MBPreferencesController.m */,
				42A86D071182C8CD0061FC48 /* NCPreferencesBookmarkController.h */,
				42A86D081182C8CD0061FC48 /* NCPreferencesBookmarkController.m */,
				42A86D091182C8CD0061FC48 /* NCPreferencesGeneralController.h */,
				42A86D0A1182C8CD0061FC48 /* NCPreferencesGeneralController.m */,
				42A86D0B1182C8CD0061FC48 /* NCPreferencesMenuController.h */,
				42A86D0C1182C8CD0061FC48 /* NCPreferencesMenuController.m */,
				42D159AD116BA27500F66068 /* NCTableHeaderView.m */,
				42D159AE116BA27500F66068 /* NCTableHeaderView.h */,
				42D159AF116BA27500F66068 /* NCTableHeaderCell.m */,
				42D159B0116BA27500F66068 /* NCTableHeaderCell.h */,
				42D159B1116BA27500F66068 /* NCTableCornerView.h */,
				42D159B2116BA27500F66068 /* NCTableCornerView.m */,
				42D159B7116BA27500F66068 /* NCScroller.m */,
				42D159B8116BA27500F66068 /* NCScroller.h */,
				42D158AC11614A5F00F66068 /* MAAttachedWindow.h */,
				42D158AD11614A5F00F66068 /* MAAttachedWindow.m */,
				4297057F111768D300830B40 /* NCBackground.h */,
				42970580111768D300830B40 /* NCBackground.m */,
				429705B1111A2BA300830B40 /* NCLister.h */,
				429705B2111A2BA300830B40 /* NCLister.m */,
				429705DB111A32B400830B40 /* NCListerTableView.h */,
				429705DC111A32B400830B40 /* NCListerTableView.m */,
				42C2186E1124911B007097ED /* NCListerTableHeaderView.h */,
				42C2186F1124911B007097ED /* NCListerTableHeaderView.m */,
				42C219441129C9B6007097ED /* NCListerScroller.h */,
				42C219451129C9B6007097ED /* NCListerScroller.m */,
				42C219811129F4E6007097ED /* NCListerCounter.h */,
				42C219821129F4E6007097ED /* NCListerCounter.m */,
				42C220CE1148FE7B007097ED /* NCListerTableTextCell.h */,
				42C220CF1148FE7B007097ED /* NCListerTableTextCell.m */,
				42C151CF1152C5BC000A0547 /* NCCommon.h */,
				42C151D01152C5BC000A0547 /* NCCommon.m */,
				42A86A72117B48C40061FC48 /* NCSplitView.h */,
				42A86A73117B48C40061FC48 /* NCSplitView.m */,
				42A86D3B1182D5390061FC48 /* NCMakeFileController.h */,
				42A86D3C1182D5390061FC48 /* NCMakeFileController.m */,
				42A86E3C11837A8F0061FC48 /* NCMakeDirController.h */,
				42A86E3D11837A8F0061FC48 /* NCMakeDirController.m */,
				42A86F3C11846C9C0061FC48 /* NSView+SubviewExtensions.h */,
				42A86F3D11846C9C0061FC48 /* NSView+SubviewExtensions.m */,
				42A86FAC118610CC0061FC48 /* NCMakeLinkController.h */,
				42A86FAD118610CC0061FC48 /* NCMakeLinkController.m */,
				42C54F3611A9327400EAE67A /* NCGotoFolderController.h */,
				42C54F3711A9327400EAE67A /* NCGotoFolderController.m */,
				42C5512611AA71E100EAE67A /* NCImageAndTextCell.h */,
				42C5512711AA71E100EAE67A /* NCImageAndTextCell.m */,
				42C5528F11AABC9A00EAE67A /* NCPermissionCell.h */,
				42C5529011AABC9A00EAE67A /* NCPermissionCell.m */,
				42271EDF11D14A1400E5FFE1 /* NCInfoView.h */,
				42271EE011D14A1400E5FFE1 /* NCInfoView.m */,
				428DCE8611E86F540048B3C6 /* NCListerDataSource.h */,
				42DBA09711F2024400DD57A8 /* NCListerItem.h */,
				42DBA09811F2024400DD57A8 /* NCListerItem.m */,
				42010DDA1206B66B0002191E /* NCHelpView.h */,
				42010DDB1206B66B0002191E /* NCHelpView.m */,
				42C1F47912074D3C00C1BCB5 /* NCPathControl.h */,
				42C1F47A12074D3C00C1BCB5 /* NCPathControl.m */,
				42C1F67B1209E69800C1BCB5 /* NCVolumeStatus.h */,
				42C1F67C1209E69800C1BCB5 /* NCVolumeStatus.m */,
				42C1F78F120AC32C00C1BCB5 /* NCScrollView.h */,
				42C1F790120AC32C00C1BCB5 /* NCScrollView.m */,
				42D44A0B1216EE6100CB5BF5 /* NCMoveSheet.h */,
				42D44A0C1216EE6100CB5BF5 /* NCMoveSheet.m */,
				42D44A5E12172C3800CB5BF5 /* NCDateCell.h */,
				42D44A5F12172C3800CB5BF5 /* NCDateCell.m */,
				423CD53212259BBD00659683 /* NCImageCache.h */,
				423CD53312259BBD00659683 /* NCImageCache.m */,
				423451EF123E95E000FDAAA5 /* NCPermissionSheet.h */,
				423451F0123E95E000FDAAA5 /* NCPermissionSheet.m */,
				4206BA69124564FE0087823D /* NCListerCell.h */,
				4206BA6A124564FE0087823D /* NCListerCell.m */,
				421F1EAB13C8BE2900CE9AB8 /* NSMutableArray+Shuffling.h */,
				421F1EAC13C8BE2900CE9AB8 /* NSMutableArray+Shuffling.m */,
			);
			path = source;
			sourceTree = "<group>";
		};
/* End PBXGroup section */

/* Begin PBXNativeTarget section */
		422F1FFB11A84DD40029C47A /* NCCore Test */ = {
			isa = PBXNativeTarget;
			buildConfigurationList = 422F200311A84DD60029C47A /* Build configuration list for PBXNativeTarget "NCCore Test" */;
			buildPhases = (
				422F1FF711A84DD40029C47A /* Resources */,
				422F1FF811A84DD40029C47A /* Sources */,
				422F1FF911A84DD40029C47A /* Frameworks */,
				422F1FFA11A84DD40029C47A /* ShellScript */,
			);
			buildRules = (
			);
			dependencies = (
				422F200511A84DDB0029C47A /* PBXTargetDependency */,
			);
			name = "NCCore Test";
			productName = "NCCore Test";
			productReference = 422F1FFC11A84DD40029C47A /* NCCore Test.octest */;
			productType = "com.apple.product-type.bundle";
		};
		53DF68FC067E5B5A0090B5B0 /* NCCoreFramework */ = {
			isa = PBXNativeTarget;
			buildConfigurationList = C056397F08A954F8003078D8 /* Build configuration list for PBXNativeTarget "NCCoreFramework" */;
			buildPhases = (
				53DF68F9067E5B5A0090B5B0 /* Resources */,
				53DF68FA067E5B5A0090B5B0 /* Sources */,
				53DF68FB067E5B5A0090B5B0 /* Frameworks */,
			);
			buildRules = (
			);
			dependencies = (
				425D7DF511C54E6B00F9A9A6 /* PBXTargetDependency */,
				425D7DF711C54E7000F9A9A6 /* PBXTargetDependency */,
			);
			name = NCCoreFramework;
			productName = NCToolkitFramework;
			productReference = 53DF68FD067E5B5A0090B5B0 /* NCCore.framework */;
			productType = "com.apple.product-type.framework";
		};
/* End PBXNativeTarget section */

/* Begin PBXProject section */
		0259C573FE90428111CA0C5A /* Project object */ = {
			isa = PBXProject;
			attributes = {
				LastUpgradeCheck = 0500;
			};
			buildConfigurationList = C056398B08A954F8003078D8 /* Build configuration list for PBXProject "NCCore" */;
			compatibilityVersion = "Xcode 3.2";
			developmentRegion = English;
			hasScannedForEncodings = 1;
			knownRegions = (
				English,
				Japanese,
				French,
				German,
			);
			mainGroup = 0259C574FE90428111CA0C5A /* NCToolkit */;
			projectDirPath = "";
			projectReferences = (
				{
					ProductGroup = 425D7DE911C54E5500F9A9A6 /* Products */;
					ProjectRef = 425D7DE811C54E5500F9A9A6 /* NCWorker.xcodeproj */;
				},
			);
			projectRoot = "";
			targets = (
				53DF6901067E5B8E0090B5B0 /* All */,
				53DF68FC067E5B5A0090B5B0 /* NCCoreFramework */,
				422F1FFB11A84DD40029C47A /* NCCore Test */,
			);
		};
/* End PBXProject section */

/* Begin PBXReferenceProxy section */
		425D7DEF11C54E5500F9A9A6 /* NCWorkerTest.app */ = {
			isa = PBXReferenceProxy;
			fileType = wrapper.application;
			path = NCWorkerTest.app;
			remoteRef = 425D7DEE11C54E5500F9A9A6 /* PBXContainerItemProxy */;
			sourceTree = BUILT_PRODUCTS_DIR;
		};
		425D7DF111C54E5500F9A9A6 /* NewtonCommanderHelper */ = {
			isa = PBXReferenceProxy;
			fileType = "compiled.mach-o.executable";
			path = NewtonCommanderHelper;
			remoteRef = 425D7DF011C54E5500F9A9A6 /* PBXContainerItemProxy */;
			sourceTree = BUILT_PRODUCTS_DIR;
		};
		425D7DF311C54E5500F9A9A6 /* libNCWorkerLib.a */ = {
			isa = PBXReferenceProxy;
			fileType = archive.ar;
			path = libNCWorkerLib.a;
			remoteRef = 425D7DF211C54E5500F9A9A6 /* PBXContainerItemProxy */;
			sourceTree = BUILT_PRODUCTS_DIR;
		};
/* End PBXReferenceProxy section */

/* Begin PBXResourcesBuildPhase section */
		422F1FF711A84DD40029C47A /* Resources */ = {
			isa = PBXResourcesBuildPhase;
			buildActionMask = 2147483647;
			files = (
			);
			runOnlyForDeploymentPostprocessing = 0;
		};
		53DF68F9067E5B5A0090B5B0 /* Resources */ = {
			isa = PBXResourcesBuildPhase;
			buildActionMask = 2147483647;
			files = (
				42A868FA11758A1D0061FC48 /* cd_parent_dir.png in Resources */,
				42A86915117591070061FC48 /* SmallGenericFolderIcon.png in Resources */,
				42A86916117591070061FC48 /* SmallGenericDocumentIcon.png in Resources */,
				42A86D1D1182C8FB0061FC48 /* PreferencesBookmark.xib in Resources */,
				42A86D1E1182C8FB0061FC48 /* PreferencesGeneral.xib in Resources */,
				42A86D1F1182C8FB0061FC48 /* PreferencesMenu.xib in Resources */,
				42A86D411182D5670061FC48 /* MakeFile.xib in Resources */,
				42A86E4211837B700061FC48 /* MakeDir.xib in Resources */,
				42A86FB41186127B0061FC48 /* MakeLink.xib in Resources */,
				42A870BF1194960B0061FC48 /* bookmark_icon.png in Resources */,
				425A7E6F11992317008C328E /* mkdir.png in Resources */,
				425A7E7011992317008C328E /* mkfile.png in Resources */,
				425A7EB011992B4B008C328E /* cd_parent_dir2.png in Resources */,
				425A828911A5F02C008C328E /* SmallGenericDocumentIconLink.png in Resources */,
				425A828A11A5F02C008C328E /* SmallGenericFolderIconLink.png in Resources */,
				425A828B11A5F02C008C328E /* unknown_link.png in Resources */,
				425A828C11A5F02C008C328E /* unknown.png in Resources */,
				4227207111D14EE200E5FFE1 /* test.html in Resources */,
				422229D811D6CFA200475062 /* GotoFolder.xib in Resources */,
				42010E371206EDA70002191E /* go_back.icns in Resources */,
				426CD44813A9C507002E1791 /* PreferencesAdvanced.xib in Resources */,
			);
			runOnlyForDeploymentPostprocessing = 0;
		};
/* End PBXResourcesBuildPhase section */

/* Begin PBXShellScriptBuildPhase section */
		422F1FFA11A84DD40029C47A /* ShellScript */ = {
			isa = PBXShellScriptBuildPhase;
			buildActionMask = 2147483647;
			files = (
			);
			inputPaths = (
			);
			outputPaths = (
			);
			runOnlyForDeploymentPostprocessing = 0;
			shellPath = /bin/sh;
			shellScript = "# Run the unit tests in this test bundle.\n\"${SYSTEM_DEVELOPER_DIR}/Tools/RunUnitTests\"\n";
		};
/* End PBXShellScriptBuildPhase section */

/* Begin PBXSourcesBuildPhase section */
		422F1FF811A84DD40029C47A /* Sources */ = {
			isa = PBXSourcesBuildPhase;
			buildActionMask = 2147483647;
			files = (
				422F208411A853C40029C47A /* NCCommonTest.m in Sources */,
				428DD08211ECDEAD0048B3C6 /* NSArray+PrependPathTest.m in Sources */,
			);
			runOnlyForDeploymentPostprocessing = 0;
		};
		53DF68FA067E5B5A0090B5B0 /* Sources */ = {
			isa = PBXSourcesBuildPhase;
			buildActionMask = 2147483647;
			files = (
				42970582111768D300830B40 /* NCBackground.m in Sources */,
				429705B4111A2BA300830B40 /* NCLister.m in Sources */,
				429705DE111A32B400830B40 /* NCListerTableView.m in Sources */,
				42C218711124911B007097ED /* NCListerTableHeaderView.m in Sources */,
				42C219471129C9B6007097ED /* NCListerScroller.m in Sources */,
				42C219841129F4E6007097ED /* NCListerCounter.m in Sources */,
				42C220D11148FE7B007097ED /* NCListerTableTextCell.m in Sources */,
				42C151D21152C5BC000A0547 /* NCCommon.m in Sources */,
				42D158AF11614A5F00F66068 /* MAAttachedWindow.m in Sources */,
				42D159B9116BA27500F66068 /* NCTableHeaderView.m in Sources */,
				42D159BB116BA27500F66068 /* NCTableHeaderCell.m in Sources */,
				42D159BE116BA27500F66068 /* NCTableCornerView.m in Sources */,
				42D159C3116BA27500F66068 /* NCScroller.m in Sources */,
				42A86A75117B48C40061FC48 /* NCSplitView.m in Sources */,
				42A86D0E1182C8CD0061FC48 /* NCPreferencesBookmarkController.m in Sources */,
				42A86D101182C8CD0061FC48 /* NCPreferencesGeneralController.m in Sources */,
				42A86D121182C8CD0061FC48 /* NCPreferencesMenuController.m in Sources */,
				42A86D161182C8D90061FC48 /* MBPreferencesController.m in Sources */,
				42A86D3E1182D5390061FC48 /* NCMakeFileController.m in Sources */,
				42A86E3F11837A8F0061FC48 /* NCMakeDirController.m in Sources */,
				42A86F3F11846C9C0061FC48 /* NSView+SubviewExtensions.m in Sources */,
				42A86FAF118610CC0061FC48 /* NCMakeLinkController.m in Sources */,
				42C54F3911A9327400EAE67A /* NCGotoFolderController.m in Sources */,
				42C5512911AA71E100EAE67A /* NCImageAndTextCell.m in Sources */,
				42C5529211AABC9A00EAE67A /* NCPermissionCell.m in Sources */,
				42271EE211D14A1400E5FFE1 /* NCInfoView.m in Sources */,
				427A8A3B11DEA17200DE7391 /* NSTabView+SwitchExtensions.m in Sources */,
				428DD07F11ECDE9E0048B3C6 /* NSArray+PrependPath.m in Sources */,
				428DD0A211ECE3050048B3C6 /* NSGradient+PredefinedGradients.m in Sources */,
				428DD0B911ECE4610048B3C6 /* NSTableView+ColumnLayout.m in Sources */,
				428DD0C211ECE5B20048B3C6 /* NSImage+ImageNamedForClass.m in Sources */,
				421078A911EF6639001372D8 /* NCListerBreadcrumb.m in Sources */,
				4210796511F0B75C001372D8 /* NCListerDataSourceAdvanced.m in Sources */,
				42DBA09A11F2024400DD57A8 /* NCListerItem.m in Sources */,
				42010DDD1206B66B0002191E /* NCHelpView.m in Sources */,
				42C1F47C12074D3C00C1BCB5 /* NCPathControl.m in Sources */,
				42C1F67E1209E69800C1BCB5 /* NCVolumeStatus.m in Sources */,
				42C1F792120AC32C00C1BCB5 /* NCScrollView.m in Sources */,
				42FEEC9A12108F90000E031B /* FPOCsvWriter.m in Sources */,
				42FEEC9B12108F90000E031B /* NCDirEnumerator.m in Sources */,
				42FEEC9C12108F90000E031B /* NCFileEventManager.m in Sources */,
				42FEEC9D12108F90000E031B /* NCFileItem.m in Sources */,
				42FEEC9E12108F90000E031B /* NCFileManager.m in Sources */,
				42FEEC9F12108F90000E031B /* NCLog.m in Sources */,
				42FEECA012108F90000E031B /* NCTimeProfiler.m in Sources */,
				42FEECA212108F90000E031B /* sc_finder_info_manager.m in Sources */,
				42FEECA412108F90000E031B /* sc_resource_fork_manager.m in Sources */,
				42FEECA612108F90000E031B /* sc_scanner.m in Sources */,
				42FEECA812108F90000E031B /* sc_tov_copier.m in Sources */,
				42FEECAA12108F90000E031B /* sc_tov_print.m in Sources */,
				42FEECAC12108F90000E031B /* sc_transfer.m in Sources */,
				42FEECAE12108F90000E031B /* sc_traversal_objects.m in Sources */,
				42D44A0E1216EE6100CB5BF5 /* NCMoveSheet.m in Sources */,
				42D44A6112172C3800CB5BF5 /* NCDateCell.m in Sources */,
				423CD53512259BBD00659683 /* NCImageCache.m in Sources */,
				42825597123CE6A100EA3618 /* NCCopySheet.m in Sources */,
				428255BB123D04C600EA3618 /* NCDeleteSheet.m in Sources */,
				423451F2123E95E000FDAAA5 /* NCPermissionSheet.m in Sources */,
				4206BA6C124564FE0087823D /* NCListerCell.m in Sources */,
				4263E29B124E81EE005A67E7 /* NCCopyOperationDummy.m in Sources */,
				4263E2BC124E8A9B005A67E7 /* NCMoveOperationDummy.m in Sources */,
				426CD44413A9C4ED002E1791 /* NCPreferencesAdvancedController.m in Sources */,
				42398B7313C25DD000220EA6 /* VerticalLayoutView.m in Sources */,
				421F1EAE13C8BE2900CE9AB8 /* NSMutableArray+Shuffling.m in Sources */,
			);
			runOnlyForDeploymentPostprocessing = 0;
		};
/* End PBXSourcesBuildPhase section */

/* Begin PBXTargetDependency section */
		422F200511A84DDB0029C47A /* PBXTargetDependency */ = {
			isa = PBXTargetDependency;
			target = 53DF68FC067E5B5A0090B5B0 /* NCCoreFramework */;
			targetProxy = 422F200411A84DDB0029C47A /* PBXContainerItemProxy */;
		};
		425D7DF511C54E6B00F9A9A6 /* PBXTargetDependency */ = {
			isa = PBXTargetDependency;
			name = NCWorkerLib;
			targetProxy = 425D7DF411C54E6B00F9A9A6 /* PBXContainerItemProxy */;
		};
		425D7DF711C54E7000F9A9A6 /* PBXTargetDependency */ = {
			isa = PBXTargetDependency;
			name = NCWorker;
			targetProxy = 425D7DF611C54E7000F9A9A6 /* PBXContainerItemProxy */;
		};
		53DF6905067E5B930090B5B0 /* PBXTargetDependency */ = {
			isa = PBXTargetDependency;
			target = 53DF68FC067E5B5A0090B5B0 /* NCCoreFramework */;
			targetProxy = 53DF6904067E5B930090B5B0 /* PBXContainerItemProxy */;
		};
/* End PBXTargetDependency section */

/* Begin PBXVariantGroup section */
		422229D611D6CFA200475062 /* GotoFolder.xib */ = {
			isa = PBXVariantGroup;
			children = (
				422229D711D6CFA200475062 /* English */,
			);
			name = GotoFolder.xib;
			sourceTree = "<group>";
		};
		426CD44513A9C507002E1791 /* PreferencesAdvanced.xib */ = {
			isa = PBXVariantGroup;
			children = (
				426CD44613A9C507002E1791 /* English */,
			);
			name = PreferencesAdvanced.xib;
			sourceTree = "<group>";
		};
		42A86D171182C8FB0061FC48 /* PreferencesBookmark.xib */ = {
			isa = PBXVariantGroup;
			children = (
				42A86D181182C8FB0061FC48 /* English */,
			);
			name = PreferencesBookmark.xib;
			sourceTree = "<group>";
		};
		42A86D191182C8FB0061FC48 /* PreferencesGeneral.xib */ = {
			isa = PBXVariantGroup;
			children = (
				42A86D1A1182C8FB0061FC48 /* English */,
			);
			name = PreferencesGeneral.xib;
			sourceTree = "<group>";
		};
		42A86D1B1182C8FB0061FC48 /* PreferencesMenu.xib */ = {
			isa = PBXVariantGroup;
			children = (
				42A86D1C1182C8FB0061FC48 /* English */,
			);
			name = PreferencesMenu.xib;
			sourceTree = "<group>";
		};
		42A86D3F1182D5670061FC48 /* MakeFile.xib */ = {
			isa = PBXVariantGroup;
			children = (
				42A86D401182D5670061FC48 /* English */,
			);
			name = MakeFile.xib;
			sourceTree = "<group>";
		};
		42A86E4011837B700061FC48 /* MakeDir.xib */ = {
			isa = PBXVariantGroup;
			children = (
				42A86E4111837B700061FC48 /* English */,
			);
			name = MakeDir.xib;
			sourceTree = "<group>";
		};
		42A86FB21186127B0061FC48 /* MakeLink.xib */ = {
			isa = PBXVariantGroup;
			children = (
				42A86FB31186127B0061FC48 /* English */,
			);
			name = MakeLink.xib;
			sourceTree = "<group>";
		};
/* End PBXVariantGroup section */

/* Begin XCBuildConfiguration section */
		422F1FFE11A84DD50029C47A /* Debug */ = {
			isa = XCBuildConfiguration;
			baseConfigurationReference = 42A86B85117CFE390061FC48 /* Debug.xcconfig */;
			buildSettings = {
				ALWAYS_SEARCH_USER_PATHS = NO;
				COMBINE_HIDPI_IMAGES = YES;
				COPY_PHASE_STRIP = NO;
				FRAMEWORK_SEARCH_PATHS = "$(DEVELOPER_LIBRARY_DIR)/Frameworks";
				GCC_DYNAMIC_NO_PIC = NO;
				GCC_ENABLE_OBJC_EXCEPTIONS = YES;
				GCC_MODEL_TUNING = G5;
				GCC_OPTIMIZATION_LEVEL = 0;
				GCC_PRECOMPILE_PREFIX_HEADER = YES;
				GCC_PREFIX_HEADER = "$(SYSTEM_LIBRARY_DIR)/Frameworks/Cocoa.framework/Headers/Cocoa.h";
				INFOPLIST_FILE = "NCCore Test-Info.plist";
				INSTALL_PATH = "$(USER_LIBRARY_DIR)/Bundles";
				OTHER_LDFLAGS = (
					"-framework",
					Cocoa,
					"-framework",
					SenTestingKit,
				);
				PRODUCT_NAME = "NCCore Test";
				WRAPPER_EXTENSION = octest;
			};
			name = Debug;
		};
		422F1FFF11A84DD50029C47A /* Release */ = {
			isa = XCBuildConfiguration;
			baseConfigurationReference = 42C150DE1151634A000A0547 /* Release.xcconfig */;
			buildSettings = {
				ALWAYS_SEARCH_USER_PATHS = NO;
				COMBINE_HIDPI_IMAGES = YES;
				COPY_PHASE_STRIP = YES;
				DEBUG_INFORMATION_FORMAT = "dwarf-with-dsym";
				FRAMEWORK_SEARCH_PATHS = "$(DEVELOPER_LIBRARY_DIR)/Frameworks";
				GCC_ENABLE_OBJC_EXCEPTIONS = YES;
				GCC_MODEL_TUNING = G5;
				GCC_PRECOMPILE_PREFIX_HEADER = YES;
				GCC_PREFIX_HEADER = "$(SYSTEM_LIBRARY_DIR)/Frameworks/Cocoa.framework/Headers/Cocoa.h";
				INFOPLIST_FILE = "NCCore Test-Info.plist";
				INSTALL_PATH = "$(USER_LIBRARY_DIR)/Bundles";
				OTHER_LDFLAGS = (
					"-framework",
					Cocoa,
					"-framework",
					SenTestingKit,
				);
				PRODUCT_NAME = "NCCore Test";
				WRAPPER_EXTENSION = octest;
				ZERO_LINK = NO;
			};
			name = Release;
		};
		C056398008A954F8003078D8 /* Debug */ = {
			isa = XCBuildConfiguration;
			baseConfigurationReference = 42A86B85117CFE390061FC48 /* Debug.xcconfig */;
			buildSettings = {
				ARCHS = "$(ARCHS_STANDARD)";
				COMBINE_HIDPI_IMAGES = YES;
				COPY_PHASE_STRIP = NO;
				DYLIB_COMPATIBILITY_VERSION = 1;
				DYLIB_CURRENT_VERSION = 1;
				FRAMEWORK_VERSION = A;
				GCC_DYNAMIC_NO_PIC = NO;
				GCC_MODEL_TUNING = G5;
				GCC_OPTIMIZATION_LEVEL = 0;
				GCC_PRECOMPILE_PREFIX_HEADER = YES;
				GCC_PREFIX_HEADER = "$(SYSTEM_LIBRARY_DIR)/Frameworks/AppKit.framework/Headers/AppKit.h";
				INFOPLIST_FILE = "NCCoreFramework-Info.plist";
				INSTALL_PATH = "@rpath";
				LD_DYLIB_INSTALL_NAME = "$(DYLIB_INSTALL_NAME_BASE:standardizepath)/$(EXECUTABLE_PATH)";
				ONLY_ACTIVE_ARCH = NO;
				PRODUCT_NAME = NCCore;
				SKIP_INSTALL = NO;
			};
			name = Debug;
		};
		C056398108A954F8003078D8 /* Release */ = {
			isa = XCBuildConfiguration;
			baseConfigurationReference = 42C150DE1151634A000A0547 /* Release.xcconfig */;
			buildSettings = {
				ARCHS = "$(ARCHS_STANDARD)";
				COMBINE_HIDPI_IMAGES = YES;
				DEBUG_INFORMATION_FORMAT = "dwarf-with-dsym";
				DYLIB_COMPATIBILITY_VERSION = 1;
				DYLIB_CURRENT_VERSION = 1;
				FRAMEWORK_VERSION = A;
				GCC_MODEL_TUNING = G5;
				GCC_PRECOMPILE_PREFIX_HEADER = YES;
				GCC_PREFIX_HEADER = "$(SYSTEM_LIBRARY_DIR)/Frameworks/AppKit.framework/Headers/AppKit.h";
				INFOPLIST_FILE = "NCCoreFramework-Info.plist";
				INSTALL_MODE_FLAG = "go-w,a+rX";
				INSTALL_PATH = "@rpath";
				LD_DYLIB_INSTALL_NAME = "$(DYLIB_INSTALL_NAME_BASE:standardizepath)/$(EXECUTABLE_PATH)";
				PRODUCT_NAME = NCCore;
				SKIP_INSTALL = NO;
			};
			name = Release;
		};
		C056398808A954F8003078D8 /* Debug */ = {
			isa = XCBuildConfiguration;
			buildSettings = {
				COMBINE_HIDPI_IMAGES = YES;
				COPY_PHASE_STRIP = NO;
				GCC_DYNAMIC_NO_PIC = NO;
				GCC_MODEL_TUNING = G5;
				GCC_OPTIMIZATION_LEVEL = 0;
				PRODUCT_NAME = All;
				WARNING_CFLAGS = (
					"-Wmost",
					"-Wno-four-char-constants",
					"-Wno-unknown-pragmas",
				);
			};
			name = Debug;
		};
		C056398908A954F8003078D8 /* Release */ = {
			isa = XCBuildConfiguration;
			buildSettings = {
				COMBINE_HIDPI_IMAGES = YES;
				DEBUG_INFORMATION_FORMAT = "dwarf-with-dsym";
				GCC_MODEL_TUNING = G5;
				PRODUCT_NAME = All;
				WARNING_CFLAGS = (
					"-Wmost",
					"-Wno-four-char-constants",
					"-Wno-unknown-pragmas",
				);
			};
			name = Release;
		};
		C056398C08A954F8003078D8 /* Debug */ = {
			isa = XCBuildConfiguration;
			baseConfigurationReference = 429DC48D11C4DC570028CDEC /* Common.xcconfig */;
			buildSettings = {
				ARCHS = "$(ARCHS_STANDARD_32_64_BIT)";
				GCC_C_LANGUAGE_STANDARD = gnu99;
				GCC_MODEL_TUNING = "";
				GCC_WARN_ABOUT_RETURN_TYPE = YES;
				GCC_WARN_UNUSED_VARIABLE = YES;
				ONLY_ACTIVE_ARCH = YES;
				SDKROOT = macosx;
			};
			name = Debug;
		};
		C056398D08A954F8003078D8 /* Release */ = {
			isa = XCBuildConfiguration;
			baseConfigurationReference = 429DC48D11C4DC570028CDEC /* Common.xcconfig */;
			buildSettings = {
				ARCHS = "$(ARCHS_STANDARD_32_64_BIT)";
				GCC_C_LANGUAGE_STANDARD = gnu99;
				GCC_MODEL_TUNING = "";
				GCC_WARN_ABOUT_RETURN_TYPE = YES;
				GCC_WARN_UNUSED_VARIABLE = YES;
				SDKROOT = macosx;
			};
			name = Release;
		};
/* End XCBuildConfiguration section */

/* Begin XCConfigurationList section */
		422F200311A84DD60029C47A /* Build configuration list for PBXNativeTarget "NCCore Test" */ = {
			isa = XCConfigurationList;
			buildConfigurations = (
				422F1FFE11A84DD50029C47A /* Debug */,
				422F1FFF11A84DD50029C47A /* Release */,
			);
			defaultConfigurationIsVisible = 0;
			defaultConfigurationName = Release;
		};
		C056397F08A954F8003078D8 /* Build configuration list for PBXNativeTarget "NCCoreFramework" */ = {
			isa = XCConfigurationList;
			buildConfigurations = (
				C056398008A954F8003078D8 /* Debug */,
				C056398108A954F8003078D8 /* Release */,
			);
			defaultConfigurationIsVisible = 0;
			defaultConfigurationName = Release;
		};
		C056398708A954F8003078D8 /* Build configuration list for PBXAggregateTarget "All" */ = {
			isa = XCConfigurationList;
			buildConfigurations = (
				C056398808A954F8003078D8 /* Debug */,
				C056398908A954F8003078D8 /* Release */,
			);
			defaultConfigurationIsVisible = 0;
			defaultConfigurationName = Release;
		};
		C056398B08A954F8003078D8 /* Build configuration list for PBXProject "NCCore" */ = {
			isa = XCConfigurationList;
			buildConfigurations = (
				C056398C08A954F8003078D8 /* Debug */,
				C056398D08A954F8003078D8 /* Release */,
			);
			defaultConfigurationIsVisible = 0;
			defaultConfigurationName = Release;
		};
/* End XCConfigurationList section */
	};
	rootObject = 0259C573FE90428111CA0C5A /* Project object */;
}
