// !$*UTF8*$!
{
	archiveVersion = 1;
	classes = {
	};
	objectVersion = 45;
	objects = {

/* Begin PBXBuildFile section */
		4235DB481397B87C0067820F /* CMPromptDirectoryName.m in Sources */ = {isa = PBXBuildFile; fileRef = 4235DB471397B87C0067820F /* CMPromptDirectoryName.m */; };
		4235DB82139824EF0067820F /* OnigRegexp.m in Sources */ = {isa = PBXBuildFile; fileRef = 4235DB69139824EF0067820F /* OnigRegexp.m */; };
		4235DB83139824EF0067820F /* OnigRegexpUtility.m in Sources */ = {isa = PBXBuildFile; fileRef = 4235DB6B139824EF0067820F /* OnigRegexpUtility.m */; };
		4235DB84139824EF0067820F /* ascii.c in Sources */ = {isa = PBXBuildFile; fileRef = 4235DB70139824EF0067820F /* ascii.c */; };
		4235DB85139824EF0067820F /* unicode.c in Sources */ = {isa = PBXBuildFile; fileRef = 4235DB71139824EF0067820F /* unicode.c */; };
		4235DB86139824EF0067820F /* utf16_le.c in Sources */ = {isa = PBXBuildFile; fileRef = 4235DB72139824EF0067820F /* utf16_le.c */; };
		4235DB87139824EF0067820F /* regcomp.c in Sources */ = {isa = PBXBuildFile; fileRef = 4235DB74139824EF0067820F /* regcomp.c */; };
		4235DB88139824EF0067820F /* regenc.c in Sources */ = {isa = PBXBuildFile; fileRef = 4235DB75139824EF0067820F /* regenc.c */; };
		4235DB89139824EF0067820F /* regerror.c in Sources */ = {isa = PBXBuildFile; fileRef = 4235DB77139824EF0067820F /* regerror.c */; };
		4235DB8A139824EF0067820F /* regexec.c in Sources */ = {isa = PBXBuildFile; fileRef = 4235DB78139824EF0067820F /* regexec.c */; };
		4235DB8B139824EF0067820F /* regext.c in Sources */ = {isa = PBXBuildFile; fileRef = 4235DB79139824EF0067820F /* regext.c */; };
		4235DB8C139824EF0067820F /* regparse.c in Sources */ = {isa = PBXBuildFile; fileRef = 4235DB7B139824EF0067820F /* regparse.c */; };
		4235DB8D139824EF0067820F /* regsyntax.c in Sources */ = {isa = PBXBuildFile; fileRef = 4235DB7D139824EF0067820F /* regsyntax.c */; };
		4235DB8E139824EF0067820F /* regtrav.c in Sources */ = {isa = PBXBuildFile; fileRef = 4235DB7E139824EF0067820F /* regtrav.c */; };
		4235DB8F139824EF0067820F /* regversion.c in Sources */ = {isa = PBXBuildFile; fileRef = 4235DB7F139824EF0067820F /* regversion.c */; };
		4235DB90139824EF0067820F /* st.c in Sources */ = {isa = PBXBuildFile; fileRef = 4235DB80139824EF0067820F /* st.c */; };
		4235DBA513983A4E0067820F /* NSString+Regexp.m in Sources */ = {isa = PBXBuildFile; fileRef = 4235DBA413983A4E0067820F /* NSString+Regexp.m */; };
		4250CD021389850C00C2A5A8 /* CMTraversalObject.m in Sources */ = {isa = PBXBuildFile; fileRef = 4250CD011389850C00C2A5A8 /* CMTraversalObject.m */; };
		4250CD0D138988A000C2A5A8 /* CMScanner.m in Sources */ = {isa = PBXBuildFile; fileRef = 4250CD0C138988A000C2A5A8 /* CMScanner.m */; };
		4250CD311389A00700C2A5A8 /* NSFileManager+ResourceFork.m in Sources */ = {isa = PBXBuildFile; fileRef = 4250CD301389A00700C2A5A8 /* NSFileManager+ResourceFork.m */; };
		4250CD371389A0BC00C2A5A8 /* CoreServices.framework in Frameworks */ = {isa = PBXBuildFile; fileRef = 4250CD361389A0BC00C2A5A8 /* CoreServices.framework */; };
		4250CE001389A13700C2A5A8 /* NSFileManager+FinderInfo.m in Sources */ = {isa = PBXBuildFile; fileRef = 4250CDFF1389A13700C2A5A8 /* NSFileManager+FinderInfo.m */; };
		4250CE091389A45A00C2A5A8 /* CMOperation.m in Sources */ = {isa = PBXBuildFile; fileRef = 4250CE081389A45A00C2A5A8 /* CMOperation.m */; };
		4250CE411389B7E800C2A5A8 /* CMPrintHierarchy.m in Sources */ = {isa = PBXBuildFile; fileRef = 4250CE401389B7E800C2A5A8 /* CMPrintHierarchy.m */; };
		4263E8001392AB9100973FE1 /* CMPromptFileName.m in Sources */ = {isa = PBXBuildFile; fileRef = 4263E7FF1392AB9100973FE1 /* CMPromptFileName.m */; };
		4263E81F1392E15B00973FE1 /* CMFunctions.c in Sources */ = {isa = PBXBuildFile; fileRef = 4263E81E1392E15B00973FE1 /* CMFunctions.c */; };
		42B6657D13866C5F00E4B1E4 /* CommandLineInterface.m in Sources */ = {isa = PBXBuildFile; fileRef = 42B6657C13866C5F00E4B1E4 /* CommandLineInterface.m */; };
		42B665DB13868B9300E4B1E4 /* CDataScanner.m in Sources */ = {isa = PBXBuildFile; fileRef = 42B665B113868B9300E4B1E4 /* CDataScanner.m */; };
		42B665E013868B9300E4B1E4 /* CFilteringJSONSerializer.m in Sources */ = {isa = PBXBuildFile; fileRef = 42B665BC13868B9300E4B1E4 /* CFilteringJSONSerializer.m */; };
		42B665E113868B9300E4B1E4 /* CJSONDeserializer_BlocksExtensions.m in Sources */ = {isa = PBXBuildFile; fileRef = 42B665BE13868B9300E4B1E4 /* CJSONDeserializer_BlocksExtensions.m */; };
		42B665E213868B9300E4B1E4 /* CJSONSerialization.m in Sources */ = {isa = PBXBuildFile; fileRef = 42B665C013868B9300E4B1E4 /* CJSONSerialization.m */; };
		42B665E313868B9300E4B1E4 /* CJSONSerializedData.m in Sources */ = {isa = PBXBuildFile; fileRef = 42B665C213868B9300E4B1E4 /* CJSONSerializedData.m */; };
		42B665E613868B9300E4B1E4 /* CDataScanner_Extensions.m in Sources */ = {isa = PBXBuildFile; fileRef = 42B665C913868B9300E4B1E4 /* CDataScanner_Extensions.m */; };
		42B665E713868B9300E4B1E4 /* NSDictionary_JSONExtensions.m in Sources */ = {isa = PBXBuildFile; fileRef = 42B665CB13868B9300E4B1E4 /* NSDictionary_JSONExtensions.m */; };
		42B665EB13868B9300E4B1E4 /* CJSONDeserializer.m in Sources */ = {isa = PBXBuildFile; fileRef = 42B665D513868B9300E4B1E4 /* CJSONDeserializer.m */; };
		42B665EC13868B9300E4B1E4 /* CJSONScanner.m in Sources */ = {isa = PBXBuildFile; fileRef = 42B665D713868B9300E4B1E4 /* CJSONScanner.m */; };
		42B665ED13868B9300E4B1E4 /* CJSONSerializer.m in Sources */ = {isa = PBXBuildFile; fileRef = 42B665D913868B9300E4B1E4 /* CJSONSerializer.m */; };
		42B6662A1386E6B000E4B1E4 /* CMOperationController.m in Sources */ = {isa = PBXBuildFile; fileRef = 42B666291386E6B000E4B1E4 /* CMOperationController.m */; };
		8DD76F9A0486AA7600D96B5E /* main.m in Sources */ = {isa = PBXBuildFile; fileRef = 08FB7796FE84155DC02AAC07 /* main.m */; settings = {ATTRIBUTES = (); }; };
		8DD76F9C0486AA7600D96B5E /* Foundation.framework in Frameworks */ = {isa = PBXBuildFile; fileRef = 08FB779EFE84155DC02AAC07 /* Foundation.framework */; };
/* End PBXBuildFile section */

/* Begin PBXCopyFilesBuildPhase section */
		8DD76F9E0486AA7600D96B5E /* CopyFiles */ = {
			isa = PBXCopyFilesBuildPhase;
			buildActionMask = 8;
			dstPath = /usr/share/man/man1/;
			dstSubfolderSpec = 0;
			files = (
			);
			runOnlyForDeploymentPostprocessing = 1;
		};
/* End PBXCopyFilesBuildPhase section */

/* Begin PBXFileReference section */
		08FB7796FE84155DC02AAC07 /* main.m */ = {isa = PBXFileReference; fileEncoding = 4; lastKnownFileType = sourcecode.c.objc; path = main.m; sourceTree = "<group>"; };
		08FB779EFE84155DC02AAC07 /* Foundation.framework */ = {isa = PBXFileReference; lastKnownFileType = wrapper.framework; name = Foundation.framework; path = /System/Library/Frameworks/Foundation.framework; sourceTree = "<absolute>"; };
		32A70AAB03705E1F00C91783 /* prefix.pch */ = {isa = PBXFileReference; fileEncoding = 4; lastKnownFileType = sourcecode.c.h; path = prefix.pch; sourceTree = "<group>"; };
		4235DB461397B87C0067820F /* CMPromptDirectoryName.h */ = {isa = PBXFileReference; fileEncoding = 4; lastKnownFileType = sourcecode.c.h; path = CMPromptDirectoryName.h; sourceTree = "<group>"; };
		4235DB471397B87C0067820F /* CMPromptDirectoryName.m */ = {isa = PBXFileReference; fileEncoding = 4; lastKnownFileType = sourcecode.c.objc; path = CMPromptDirectoryName.m; sourceTree = "<group>"; };
		4235DB68139824EF0067820F /* OnigRegexp.h */ = {isa = PBXFileReference; fileEncoding = 4; lastKnownFileType = sourcecode.c.h; name = OnigRegexp.h; path = ../../../../externals/cocoaoniguruma/framework/core/OnigRegexp.h; sourceTree = SOURCE_ROOT; };
		4235DB69139824EF0067820F /* OnigRegexp.m */ = {isa = PBXFileReference; fileEncoding = 4; lastKnownFileType = sourcecode.c.objc; name = OnigRegexp.m; path = ../../../../externals/cocoaoniguruma/framework/core/OnigRegexp.m; sourceTree = SOURCE_ROOT; };
		4235DB6A139824EF0067820F /* OnigRegexpUtility.h */ = {isa = PBXFileReference; fileEncoding = 4; lastKnownFileType = sourcecode.c.h; name = OnigRegexpUtility.h; path = ../../../../externals/cocoaoniguruma/framework/core/OnigRegexpUtility.h; sourceTree = SOURCE_ROOT; };
		4235DB6B139824EF0067820F /* OnigRegexpUtility.m */ = {isa = PBXFileReference; fileEncoding = 4; lastKnownFileType = sourcecode.c.objc; name = OnigRegexpUtility.m; path = ../../../../externals/cocoaoniguruma/framework/core/OnigRegexpUtility.m; sourceTree = SOURCE_ROOT; };
		4235DB6D139824EF0067820F /* config.h */ = {isa = PBXFileReference; fileEncoding = 4; lastKnownFileType = sourcecode.c.h; path = config.h; sourceTree = "<group>"; };
		4235DB6E139824EF0067820F /* COPYING */ = {isa = PBXFileReference; fileEncoding = 4; lastKnownFileType = text; path = COPYING; sourceTree = "<group>"; };
		4235DB70139824EF0067820F /* ascii.c */ = {isa = PBXFileReference; fileEncoding = 4; lastKnownFileType = sourcecode.c.c; path = ascii.c; sourceTree = "<group>"; };
		4235DB71139824EF0067820F /* unicode.c */ = {isa = PBXFileReference; fileEncoding = 4; lastKnownFileType = sourcecode.c.c; path = unicode.c; sourceTree = "<group>"; };
		4235DB72139824EF0067820F /* utf16_le.c */ = {isa = PBXFileReference; fileEncoding = 4; lastKnownFileType = sourcecode.c.c; path = utf16_le.c; sourceTree = "<group>"; };
		4235DB73139824EF0067820F /* oniguruma.h */ = {isa = PBXFileReference; fileEncoding = 4; lastKnownFileType = sourcecode.c.h; path = oniguruma.h; sourceTree = "<group>"; };
		4235DB74139824EF0067820F /* regcomp.c */ = {isa = PBXFileReference; fileEncoding = 4; lastKnownFileType = sourcecode.c.c; path = regcomp.c; sourceTree = "<group>"; };
		4235DB75139824EF0067820F /* regenc.c */ = {isa = PBXFileReference; fileEncoding = 4; lastKnownFileType = sourcecode.c.c; path = regenc.c; sourceTree = "<group>"; };
		4235DB76139824EF0067820F /* regenc.h */ = {isa = PBXFileReference; fileEncoding = 4; lastKnownFileType = sourcecode.c.h; path = regenc.h; sourceTree = "<group>"; };
		4235DB77139824EF0067820F /* regerror.c */ = {isa = PBXFileReference; fileEncoding = 4; lastKnownFileType = sourcecode.c.c; path = regerror.c; sourceTree = "<group>"; };
		4235DB78139824EF0067820F /* regexec.c */ = {isa = PBXFileReference; fileEncoding = 4; lastKnownFileType = sourcecode.c.c; path = regexec.c; sourceTree = "<group>"; };
		4235DB79139824EF0067820F /* regext.c */ = {isa = PBXFileReference; fileEncoding = 4; lastKnownFileType = sourcecode.c.c; path = regext.c; sourceTree = "<group>"; };
		4235DB7A139824EF0067820F /* regint.h */ = {isa = PBXFileReference; fileEncoding = 4; lastKnownFileType = sourcecode.c.h; path = regint.h; sourceTree = "<group>"; };
		4235DB7B139824EF0067820F /* regparse.c */ = {isa = PBXFileReference; fileEncoding = 4; lastKnownFileType = sourcecode.c.c; path = regparse.c; sourceTree = "<group>"; };
		4235DB7C139824EF0067820F /* regparse.h */ = {isa = PBXFileReference; fileEncoding = 4; lastKnownFileType = sourcecode.c.h; path = regparse.h; sourceTree = "<group>"; };
		4235DB7D139824EF0067820F /* regsyntax.c */ = {isa = PBXFileReference; fileEncoding = 4; lastKnownFileType = sourcecode.c.c; path = regsyntax.c; sourceTree = "<group>"; };
		4235DB7E139824EF0067820F /* regtrav.c */ = {isa = PBXFileReference; fileEncoding = 4; lastKnownFileType = sourcecode.c.c; path = regtrav.c; sourceTree = "<group>"; };
		4235DB7F139824EF0067820F /* regversion.c */ = {isa = PBXFileReference; fileEncoding = 4; lastKnownFileType = sourcecode.c.c; path = regversion.c; sourceTree = "<group>"; };
		4235DB80139824EF0067820F /* st.c */ = {isa = PBXFileReference; fileEncoding = 4; lastKnownFileType = sourcecode.c.c; path = st.c; sourceTree = "<group>"; };
		4235DB81139824EF0067820F /* st.h */ = {isa = PBXFileReference; fileEncoding = 4; lastKnownFileType = sourcecode.c.h; path = st.h; sourceTree = "<group>"; };
		4235DBA313983A4E0067820F /* NSString+Regexp.h */ = {isa = PBXFileReference; fileEncoding = 4; lastKnownFileType = sourcecode.c.h; path = "NSString+Regexp.h"; sourceTree = "<group>"; };
		4235DBA413983A4E0067820F /* NSString+Regexp.m */ = {isa = PBXFileReference; fileEncoding = 4; lastKnownFileType = sourcecode.c.objc; path = "NSString+Regexp.m"; sourceTree = "<group>"; };
		4250CD001389850C00C2A5A8 /* CMTraversalObject.h */ = {isa = PBXFileReference; fileEncoding = 4; lastKnownFileType = sourcecode.c.h; path = CMTraversalObject.h; sourceTree = "<group>"; };
		4250CD011389850C00C2A5A8 /* CMTraversalObject.m */ = {isa = PBXFileReference; fileEncoding = 4; lastKnownFileType = sourcecode.c.objc; path = CMTraversalObject.m; sourceTree = "<group>"; };
		4250CD0B138988A000C2A5A8 /* CMScanner.h */ = {isa = PBXFileReference; fileEncoding = 4; lastKnownFileType = sourcecode.c.h; path = CMScanner.h; sourceTree = "<group>"; };
		4250CD0C138988A000C2A5A8 /* CMScanner.m */ = {isa = PBXFileReference; fileEncoding = 4; lastKnownFileType = sourcecode.c.objc; path = CMScanner.m; sourceTree = "<group>"; };
		4250CD2F1389A00700C2A5A8 /* NSFileManager+ResourceFork.h */ = {isa = PBXFileReference; fileEncoding = 4; lastKnownFileType = sourcecode.c.h; path = "NSFileManager+ResourceFork.h"; sourceTree = "<group>"; };
		4250CD301389A00700C2A5A8 /* NSFileManager+ResourceFork.m */ = {isa = PBXFileReference; fileEncoding = 4; lastKnownFileType = sourcecode.c.objc; path = "NSFileManager+ResourceFork.m"; sourceTree = "<group>"; };
		4250CD361389A0BC00C2A5A8 /* CoreServices.framework */ = {isa = PBXFileReference; lastKnownFileType = wrapper.framework; name = CoreServices.framework; path = System/Library/Frameworks/CoreServices.framework; sourceTree = SDKROOT; };
		4250CDFE1389A13700C2A5A8 /* NSFileManager+FinderInfo.h */ = {isa = PBXFileReference; fileEncoding = 4; lastKnownFileType = sourcecode.c.h; path = "NSFileManager+FinderInfo.h"; sourceTree = "<group>"; };
		4250CDFF1389A13700C2A5A8 /* NSFileManager+FinderInfo.m */ = {isa = PBXFileReference; fileEncoding = 4; lastKnownFileType = sourcecode.c.objc; path = "NSFileManager+FinderInfo.m"; sourceTree = "<group>"; };
		4250CE071389A45A00C2A5A8 /* CMOperation.h */ = {isa = PBXFileReference; fileEncoding = 4; lastKnownFileType = sourcecode.c.h; path = CMOperation.h; sourceTree = "<group>"; };
		4250CE081389A45A00C2A5A8 /* CMOperation.m */ = {isa = PBXFileReference; fileEncoding = 4; lastKnownFileType = sourcecode.c.objc; path = CMOperation.m; sourceTree = "<group>"; };
		4250CE3F1389B7E800C2A5A8 /* CMPrintHierarchy.h */ = {isa = PBXFileReference; fileEncoding = 4; lastKnownFileType = sourcecode.c.h; path = CMPrintHierarchy.h; sourceTree = "<group>"; };
		4250CE401389B7E800C2A5A8 /* CMPrintHierarchy.m */ = {isa = PBXFileReference; fileEncoding = 4; lastKnownFileType = sourcecode.c.objc; path = CMPrintHierarchy.m; sourceTree = "<group>"; };
		4263E7FE1392AB9100973FE1 /* CMPromptFileName.h */ = {isa = PBXFileReference; fileEncoding = 4; lastKnownFileType = sourcecode.c.h; path = CMPromptFileName.h; sourceTree = "<group>"; };
		4263E7FF1392AB9100973FE1 /* CMPromptFileName.m */ = {isa = PBXFileReference; fileEncoding = 4; lastKnownFileType = sourcecode.c.objc; path = CMPromptFileName.m; sourceTree = "<group>"; };
		4263E81D1392E15B00973FE1 /* CMFunctions.h */ = {isa = PBXFileReference; fileEncoding = 4; lastKnownFileType = sourcecode.c.h; path = CMFunctions.h; sourceTree = "<group>"; };
		4263E81E1392E15B00973FE1 /* CMFunctions.c */ = {isa = PBXFileReference; fileEncoding = 4; lastKnownFileType = sourcecode.c.c; path = CMFunctions.c; sourceTree = "<group>"; };
		42B6657B13866C5F00E4B1E4 /* CommandLineInterface.h */ = {isa = PBXFileReference; fileEncoding = 4; lastKnownFileType = sourcecode.c.h; path = CommandLineInterface.h; sourceTree = "<group>"; };
		42B6657C13866C5F00E4B1E4 /* CommandLineInterface.m */ = {isa = PBXFileReference; fileEncoding = 4; lastKnownFileType = sourcecode.c.objc; path = CommandLineInterface.m; sourceTree = "<group>"; };
		42B665B013868B9300E4B1E4 /* CDataScanner.h */ = {isa = PBXFileReference; fileEncoding = 4; lastKnownFileType = sourcecode.c.h; name = CDataScanner.h; path = ../../../../externals/TouchJSON/Source/CDataScanner.h; sourceTree = SOURCE_ROOT; };
		42B665B113868B9300E4B1E4 /* CDataScanner.m */ = {isa = PBXFileReference; fileEncoding = 4; lastKnownFileType = sourcecode.c.objc; name = CDataScanner.m; path = ../../../../externals/TouchJSON/Source/CDataScanner.m; sourceTree = SOURCE_ROOT; };
		42B665BB13868B9300E4B1E4 /* CFilteringJSONSerializer.h */ = {isa = PBXFileReference; fileEncoding = 4; lastKnownFileType = sourcecode.c.h; name = CFilteringJSONSerializer.h; path = ../../../../externals/TouchJSON/Source/Experimental/CFilteringJSONSerializer.h; sourceTree = SOURCE_ROOT; };
		42B665BC13868B9300E4B1E4 /* CFilteringJSONSerializer.m */ = {isa = PBXFileReference; fileEncoding = 4; lastKnownFileType = sourcecode.c.objc; name = CFilteringJSONSerializer.m; path = ../../../../externals/TouchJSON/Source/Experimental/CFilteringJSONSerializer.m; sourceTree = SOURCE_ROOT; };
		42B665BD13868B9300E4B1E4 /* CJSONDeserializer_BlocksExtensions.h */ = {isa = PBXFileReference; fileEncoding = 4; lastKnownFileType = sourcecode.c.h; name = CJSONDeserializer_BlocksExtensions.h; path = ../../../../externals/TouchJSON/Source/Experimental/CJSONDeserializer_BlocksExtensions.h; sourceTree = SOURCE_ROOT; };
		42B665BE13868B9300E4B1E4 /* CJSONDeserializer_BlocksExtensions.m */ = {isa = PBXFileReference; fileEncoding = 4; lastKnownFileType = sourcecode.c.objc; name = CJSONDeserializer_BlocksExtensions.m; path = ../../../../externals/TouchJSON/Source/Experimental/CJSONDeserializer_BlocksExtensions.m; sourceTree = SOURCE_ROOT; };
		42B665BF13868B9300E4B1E4 /* CJSONSerialization.h */ = {isa = PBXFileReference; fileEncoding = 4; lastKnownFileType = sourcecode.c.h; name = CJSONSerialization.h; path = ../../../../externals/TouchJSON/Source/Experimental/CJSONSerialization.h; sourceTree = SOURCE_ROOT; };
		42B665C013868B9300E4B1E4 /* CJSONSerialization.m */ = {isa = PBXFileReference; fileEncoding = 4; lastKnownFileType = sourcecode.c.objc; name = CJSONSerialization.m; path = ../../../../externals/TouchJSON/Source/Experimental/CJSONSerialization.m; sourceTree = SOURCE_ROOT; };
		42B665C113868B9300E4B1E4 /* CJSONSerializedData.h */ = {isa = PBXFileReference; fileEncoding = 4; lastKnownFileType = sourcecode.c.h; name = CJSONSerializedData.h; path = ../../../../externals/TouchJSON/Source/Experimental/CJSONSerializedData.h; sourceTree = SOURCE_ROOT; };
		42B665C213868B9300E4B1E4 /* CJSONSerializedData.m */ = {isa = PBXFileReference; fileEncoding = 4; lastKnownFileType = sourcecode.c.objc; name = CJSONSerializedData.m; path = ../../../../externals/TouchJSON/Source/Experimental/CJSONSerializedData.m; sourceTree = SOURCE_ROOT; };
		42B665C813868B9300E4B1E4 /* CDataScanner_Extensions.h */ = {isa = PBXFileReference; fileEncoding = 4; lastKnownFileType = sourcecode.c.h; name = CDataScanner_Extensions.h; path = ../../../../externals/TouchJSON/Source/Extensions/CDataScanner_Extensions.h; sourceTree = SOURCE_ROOT; };
		42B665C913868B9300E4B1E4 /* CDataScanner_Extensions.m */ = {isa = PBXFileReference; fileEncoding = 4; lastKnownFileType = sourcecode.c.objc; name = CDataScanner_Extensions.m; path = ../../../../externals/TouchJSON/Source/Extensions/CDataScanner_Extensions.m; sourceTree = SOURCE_ROOT; };
		42B665CA13868B9300E4B1E4 /* NSDictionary_JSONExtensions.h */ = {isa = PBXFileReference; fileEncoding = 4; lastKnownFileType = sourcecode.c.h; name = NSDictionary_JSONExtensions.h; path = ../../../../externals/TouchJSON/Source/Extensions/NSDictionary_JSONExtensions.h; sourceTree = SOURCE_ROOT; };
		42B665CB13868B9300E4B1E4 /* NSDictionary_JSONExtensions.m */ = {isa = PBXFileReference; fileEncoding = 4; lastKnownFileType = sourcecode.c.objc; name = NSDictionary_JSONExtensions.m; path = ../../../../externals/TouchJSON/Source/Extensions/NSDictionary_JSONExtensions.m; sourceTree = SOURCE_ROOT; };
		42B665D413868B9300E4B1E4 /* CJSONDeserializer.h */ = {isa = PBXFileReference; fileEncoding = 4; lastKnownFileType = sourcecode.c.h; name = CJSONDeserializer.h; path = ../../../../externals/TouchJSON/Source/JSON/CJSONDeserializer.h; sourceTree = SOURCE_ROOT; };
		42B665D513868B9300E4B1E4 /* CJSONDeserializer.m */ = {isa = PBXFileReference; fileEncoding = 4; lastKnownFileType = sourcecode.c.objc; name = CJSONDeserializer.m; path = ../../../../externals/TouchJSON/Source/JSON/CJSONDeserializer.m; sourceTree = SOURCE_ROOT; };
		42B665D613868B9300E4B1E4 /* CJSONScanner.h */ = {isa = PBXFileReference; fileEncoding = 4; lastKnownFileType = sourcecode.c.h; name = CJSONScanner.h; path = ../../../../externals/TouchJSON/Source/JSON/CJSONScanner.h; sourceTree = SOURCE_ROOT; };
		42B665D713868B9300E4B1E4 /* CJSONScanner.m */ = {isa = PBXFileReference; fileEncoding = 4; lastKnownFileType = sourcecode.c.objc; name = CJSONScanner.m; path = ../../../../externals/TouchJSON/Source/JSON/CJSONScanner.m; sourceTree = SOURCE_ROOT; };
		42B665D813868B9300E4B1E4 /* CJSONSerializer.h */ = {isa = PBXFileReference; fileEncoding = 4; lastKnownFileType = sourcecode.c.h; name = CJSONSerializer.h; path = ../../../../externals/TouchJSON/Source/JSON/CJSONSerializer.h; sourceTree = SOURCE_ROOT; };
		42B665D913868B9300E4B1E4 /* CJSONSerializer.m */ = {isa = PBXFileReference; fileEncoding = 4; lastKnownFileType = sourcecode.c.objc; name = CJSONSerializer.m; path = ../../../../externals/TouchJSON/Source/JSON/CJSONSerializer.m; sourceTree = SOURCE_ROOT; };
		42B665DA13868B9300E4B1E4 /* JSONRepresentation.h */ = {isa = PBXFileReference; fileEncoding = 4; lastKnownFileType = sourcecode.c.h; name = JSONRepresentation.h; path = ../../../../externals/TouchJSON/Source/JSON/JSONRepresentation.h; sourceTree = SOURCE_ROOT; };
		42B666281386E6B000E4B1E4 /* CMOperationController.h */ = {isa = PBXFileReference; fileEncoding = 4; lastKnownFileType = sourcecode.c.h; path = CMOperationController.h; sourceTree = "<group>"; };
		42B666291386E6B000E4B1E4 /* CMOperationController.m */ = {isa = PBXFileReference; fileEncoding = 4; lastKnownFileType = sourcecode.c.objc; path = CMOperationController.m; sourceTree = "<group>"; };
		8DD76FA10486AA7600D96B5E /* worker */ = {isa = PBXFileReference; explicitFileType = "compiled.mach-o.executable"; includeInIndex = 0; path = worker; sourceTree = BUILT_PRODUCTS_DIR; };
/* End PBXFileReference section */

/* Begin PBXFrameworksBuildPhase section */
		8DD76F9B0486AA7600D96B5E /* Frameworks */ = {
			isa = PBXFrameworksBuildPhase;
			buildActionMask = 2147483647;
			files = (
				8DD76F9C0486AA7600D96B5E /* Foundation.framework in Frameworks */,
				4250CD371389A0BC00C2A5A8 /* CoreServices.framework in Frameworks */,
			);
			runOnlyForDeploymentPostprocessing = 0;
		};
/* End PBXFrameworksBuildPhase section */

/* Begin PBXGroup section */
		08FB7794FE84155DC02AAC07 /* worker */ = {
			isa = PBXGroup;
			children = (
				42B665AE13868B6300E4B1E4 /* externals */,
				32A70AAB03705E1F00C91783 /* prefix.pch */,
				08FB7795FE84155DC02AAC07 /* source */,
				08FB779DFE84155DC02AAC07 /* External Frameworks and Libraries */,
				1AB674ADFE9D54B511CA2CBB /* Products */,
			);
			name = worker;
			sourceTree = "<group>";
		};
		08FB7795FE84155DC02AAC07 /* source */ = {
			isa = PBXGroup;
			children = (
				42B6657B13866C5F00E4B1E4 /* CommandLineInterface.h */,
				42B6657C13866C5F00E4B1E4 /* CommandLineInterface.m */,
				08FB7796FE84155DC02AAC07 /* main.m */,
				4250CD2F1389A00700C2A5A8 /* NSFileManager+ResourceFork.h */,
				4250CD301389A00700C2A5A8 /* NSFileManager+ResourceFork.m */,
				4250CDFE1389A13700C2A5A8 /* NSFileManager+FinderInfo.h */,
				4250CDFF1389A13700C2A5A8 /* NSFileManager+FinderInfo.m */,
				4250CE071389A45A00C2A5A8 /* CMOperation.h */,
				4250CE081389A45A00C2A5A8 /* CMOperation.m */,
				42B666281386E6B000E4B1E4 /* CMOperationController.h */,
				42B666291386E6B000E4B1E4 /* CMOperationController.m */,
				4250CD0B138988A000C2A5A8 /* CMScanner.h */,
				4250CD0C138988A000C2A5A8 /* CMScanner.m */,
				4250CD001389850C00C2A5A8 /* CMTraversalObject.h */,
				4250CD011389850C00C2A5A8 /* CMTraversalObject.m */,
				4250CE3F1389B7E800C2A5A8 /* CMPrintHierarchy.h */,
				4250CE401389B7E800C2A5A8 /* CMPrintHierarchy.m */,
				4263E81D1392E15B00973FE1 /* CMFunctions.h */,
				4263E81E1392E15B00973FE1 /* CMFunctions.c */,
				4263E7FE1392AB9100973FE1 /* CMPromptFileName.h */,
				4263E7FF1392AB9100973FE1 /* CMPromptFileName.m */,
				4235DB461397B87C0067820F /* CMPromptDirectoryName.h */,
				4235DB471397B87C0067820F /* CMPromptDirectoryName.m */,
				4235DBA313983A4E0067820F /* NSString+Regexp.h */,
				4235DBA413983A4E0067820F /* NSString+Regexp.m */,
			);
			path = source;
			sourceTree = "<group>";
		};
		08FB779DFE84155DC02AAC07 /* External Frameworks and Libraries */ = {
			isa = PBXGroup;
			children = (
				4250CD361389A0BC00C2A5A8 /* CoreServices.framework */,
				08FB779EFE84155DC02AAC07 /* Foundation.framework */,
			);
			name = "External Frameworks and Libraries";
			sourceTree = "<group>";
		};
		1AB674ADFE9D54B511CA2CBB /* Products */ = {
			isa = PBXGroup;
			children = (
				8DD76FA10486AA7600D96B5E /* worker */,
			);
			name = Products;
			sourceTree = "<group>";
		};
		4235DB67139824CE0067820F /* cocoaoniguruma */ = {
			isa = PBXGroup;
			children = (
				4235DB68139824EF0067820F /* OnigRegexp.h */,
				4235DB69139824EF0067820F /* OnigRegexp.m */,
				4235DB6A139824EF0067820F /* OnigRegexpUtility.h */,
				4235DB6B139824EF0067820F /* OnigRegexpUtility.m */,
				4235DB6C139824EF0067820F /* oniguruma */,
			);
			name = cocoaoniguruma;
			sourceTree = "<group>";
		};
		4235DB6C139824EF0067820F /* oniguruma */ = {
			isa = PBXGroup;
			children = (
				4235DB6D139824EF0067820F /* config.h */,
				4235DB6E139824EF0067820F /* COPYING */,
				4235DB6F139824EF0067820F /* enc */,
				4235DB73139824EF0067820F /* oniguruma.h */,
				4235DB74139824EF0067820F /* regcomp.c */,
				4235DB75139824EF0067820F /* regenc.c */,
				4235DB76139824EF0067820F /* regenc.h */,
				4235DB77139824EF0067820F /* regerror.c */,
				4235DB78139824EF0067820F /* regexec.c */,
				4235DB79139824EF0067820F /* regext.c */,
				4235DB7A139824EF0067820F /* regint.h */,
				4235DB7B139824EF0067820F /* regparse.c */,
				4235DB7C139824EF0067820F /* regparse.h */,
				4235DB7D139824EF0067820F /* regsyntax.c */,
				4235DB7E139824EF0067820F /* regtrav.c */,
				4235DB7F139824EF0067820F /* regversion.c */,
				4235DB80139824EF0067820F /* st.c */,
				4235DB81139824EF0067820F /* st.h */,
			);
			name = oniguruma;
			path = ../../../../externals/cocoaoniguruma/framework/core/oniguruma;
			sourceTree = SOURCE_ROOT;
		};
		4235DB6F139824EF0067820F /* enc */ = {
			isa = PBXGroup;
			children = (
				4235DB70139824EF0067820F /* ascii.c */,
				4235DB71139824EF0067820F /* unicode.c */,
				4235DB72139824EF0067820F /* utf16_le.c */,
			);
			path = enc;
			sourceTree = "<group>";
		};
		42B665AE13868B6300E4B1E4 /* externals */ = {
			isa = PBXGroup;
			children = (
				4235DB67139824CE0067820F /* cocoaoniguruma */,
				42B665AF13868B6D00E4B1E4 /* json */,
			);
			name = externals;
			sourceTree = "<group>";
		};
		42B665AF13868B6D00E4B1E4 /* json */ = {
			isa = PBXGroup;
			children = (
				42B665B013868B9300E4B1E4 /* CDataScanner.h */,
				42B665B113868B9300E4B1E4 /* CDataScanner.m */,
				42B665BB13868B9300E4B1E4 /* CFilteringJSONSerializer.h */,
				42B665BC13868B9300E4B1E4 /* CFilteringJSONSerializer.m */,
				42B665BD13868B9300E4B1E4 /* CJSONDeserializer_BlocksExtensions.h */,
				42B665BE13868B9300E4B1E4 /* CJSONDeserializer_BlocksExtensions.m */,
				42B665BF13868B9300E4B1E4 /* CJSONSerialization.h */,
				42B665C013868B9300E4B1E4 /* CJSONSerialization.m */,
				42B665C113868B9300E4B1E4 /* CJSONSerializedData.h */,
				42B665C213868B9300E4B1E4 /* CJSONSerializedData.m */,
				42B665C813868B9300E4B1E4 /* CDataScanner_Extensions.h */,
				42B665C913868B9300E4B1E4 /* CDataScanner_Extensions.m */,
				42B665CA13868B9300E4B1E4 /* NSDictionary_JSONExtensions.h */,
				42B665CB13868B9300E4B1E4 /* NSDictionary_JSONExtensions.m */,
				42B665D413868B9300E4B1E4 /* CJSONDeserializer.h */,
				42B665D513868B9300E4B1E4 /* CJSONDeserializer.m */,
				42B665D613868B9300E4B1E4 /* CJSONScanner.h */,
				42B665D713868B9300E4B1E4 /* CJSONScanner.m */,
				42B665D813868B9300E4B1E4 /* CJSONSerializer.h */,
				42B665D913868B9300E4B1E4 /* CJSONSerializer.m */,
				42B665DA13868B9300E4B1E4 /* JSONRepresentation.h */,
			);
			name = json;
			sourceTree = "<group>";
		};
/* End PBXGroup section */

/* Begin PBXNativeTarget section */
		8DD76F960486AA7600D96B5E /* worker */ = {
			isa = PBXNativeTarget;
			buildConfigurationList = 1DEB927408733DD40010E9CD /* Build configuration list for PBXNativeTarget "worker" */;
			buildPhases = (
				8DD76F990486AA7600D96B5E /* Sources */,
				8DD76F9B0486AA7600D96B5E /* Frameworks */,
				8DD76F9E0486AA7600D96B5E /* CopyFiles */,
			);
			buildRules = (
			);
			dependencies = (
			);
			name = worker;
			productInstallPath = "$(HOME)/bin";
			productName = worker;
			productReference = 8DD76FA10486AA7600D96B5E /* worker */;
			productType = "com.apple.product-type.tool";
		};
/* End PBXNativeTarget section */

/* Begin PBXProject section */
		08FB7793FE84155DC02AAC07 /* Project object */ = {
			isa = PBXProject;
			buildConfigurationList = 1DEB927808733DD40010E9CD /* Build configuration list for PBXProject "worker" */;
			compatibilityVersion = "Xcode 3.1";
			developmentRegion = English;
			hasScannedForEncodings = 1;
			knownRegions = (
				English,
				Japanese,
				French,
				German,
			);
			mainGroup = 08FB7794FE84155DC02AAC07 /* worker */;
			projectDirPath = "";
			projectRoot = "";
			targets = (
				8DD76F960486AA7600D96B5E /* worker */,
			);
		};
/* End PBXProject section */

/* Begin PBXSourcesBuildPhase section */
		8DD76F990486AA7600D96B5E /* Sources */ = {
			isa = PBXSourcesBuildPhase;
			buildActionMask = 2147483647;
			files = (
				8DD76F9A0486AA7600D96B5E /* main.m in Sources */,
				42B6657D13866C5F00E4B1E4 /* CommandLineInterface.m in Sources */,
				42B665DB13868B9300E4B1E4 /* CDataScanner.m in Sources */,
				42B665E013868B9300E4B1E4 /* CFilteringJSONSerializer.m in Sources */,
				42B665E113868B9300E4B1E4 /* CJSONDeserializer_BlocksExtensions.m in Sources */,
				42B665E213868B9300E4B1E4 /* CJSONSerialization.m in Sources */,
				42B665E313868B9300E4B1E4 /* CJSONSerializedData.m in Sources */,
				42B665E613868B9300E4B1E4 /* CDataScanner_Extensions.m in Sources */,
				42B665E713868B9300E4B1E4 /* NSDictionary_JSONExtensions.m in Sources */,
				42B665EB13868B9300E4B1E4 /* CJSONDeserializer.m in Sources */,
				42B665EC13868B9300E4B1E4 /* CJSONScanner.m in Sources */,
				42B665ED13868B9300E4B1E4 /* CJSONSerializer.m in Sources */,
				42B6662A1386E6B000E4B1E4 /* CMOperationController.m in Sources */,
				4250CD021389850C00C2A5A8 /* CMTraversalObject.m in Sources */,
				4250CD0D138988A000C2A5A8 /* CMScanner.m in Sources */,
				4250CD311389A00700C2A5A8 /* NSFileManager+ResourceFork.m in Sources */,
				4250CE001389A13700C2A5A8 /* NSFileManager+FinderInfo.m in Sources */,
				4250CE091389A45A00C2A5A8 /* CMOperation.m in Sources */,
				4250CE411389B7E800C2A5A8 /* CMPrintHierarchy.m in Sources */,
				4263E8001392AB9100973FE1 /* CMPromptFileName.m in Sources */,
				4263E81F1392E15B00973FE1 /* CMFunctions.c in Sources */,
				4235DB481397B87C0067820F /* CMPromptDirectoryName.m in Sources */,
				4235DB82139824EF0067820F /* OnigRegexp.m in Sources */,
				4235DB83139824EF0067820F /* OnigRegexpUtility.m in Sources */,
				4235DB84139824EF0067820F /* ascii.c in Sources */,
				4235DB85139824EF0067820F /* unicode.c in Sources */,
				4235DB86139824EF0067820F /* utf16_le.c in Sources */,
				4235DB87139824EF0067820F /* regcomp.c in Sources */,
				4235DB88139824EF0067820F /* regenc.c in Sources */,
				4235DB89139824EF0067820F /* regerror.c in Sources */,
				4235DB8A139824EF0067820F /* regexec.c in Sources */,
				4235DB8B139824EF0067820F /* regext.c in Sources */,
				4235DB8C139824EF0067820F /* regparse.c in Sources */,
				4235DB8D139824EF0067820F /* regsyntax.c in Sources */,
				4235DB8E139824EF0067820F /* regtrav.c in Sources */,
				4235DB8F139824EF0067820F /* regversion.c in Sources */,
				4235DB90139824EF0067820F /* st.c in Sources */,
				4235DBA513983A4E0067820F /* NSString+Regexp.m in Sources */,
			);
			runOnlyForDeploymentPostprocessing = 0;
		};
/* End PBXSourcesBuildPhase section */

/* Begin XCBuildConfiguration section */
		1DEB927508733DD40010E9CD /* Debug */ = {
			isa = XCBuildConfiguration;
			buildSettings = {
				ALWAYS_SEARCH_USER_PATHS = NO;
				COPY_PHASE_STRIP = NO;
				GCC_DYNAMIC_NO_PIC = NO;
				GCC_ENABLE_FIX_AND_CONTINUE = YES;
				GCC_MODEL_TUNING = G5;
				GCC_OPTIMIZATION_LEVEL = 0;
				GCC_PRECOMPILE_PREFIX_HEADER = YES;
				GCC_PREFIX_HEADER = prefix.pch;
				INSTALL_PATH = /usr/local/bin;
				PRODUCT_NAME = worker;
			};
			name = Debug;
		};
		1DEB927608733DD40010E9CD /* Release */ = {
			isa = XCBuildConfiguration;
			buildSettings = {
				ALWAYS_SEARCH_USER_PATHS = NO;
				DEBUG_INFORMATION_FORMAT = "dwarf-with-dsym";
				GCC_MODEL_TUNING = G5;
				GCC_PRECOMPILE_PREFIX_HEADER = YES;
				GCC_PREFIX_HEADER = prefix.pch;
				INSTALL_PATH = /usr/local/bin;
				PRODUCT_NAME = worker;
			};
			name = Release;
		};
		1DEB927908733DD40010E9CD /* Debug */ = {
			isa = XCBuildConfiguration;
			buildSettings = {
				ARCHS = "$(ARCHS_STANDARD_32_64_BIT)";
				GCC_C_LANGUAGE_STANDARD = gnu99;
				GCC_OPTIMIZATION_LEVEL = 0;
				GCC_WARN_ABOUT_RETURN_TYPE = YES;
				GCC_WARN_UNUSED_VARIABLE = YES;
				ONLY_ACTIVE_ARCH = YES;
				PREBINDING = NO;
				SDKROOT = macosx10.6;
			};
			name = Debug;
		};
		1DEB927A08733DD40010E9CD /* Release */ = {
			isa = XCBuildConfiguration;
			buildSettings = {
				ARCHS = "$(ARCHS_STANDARD_32_64_BIT)";
				GCC_C_LANGUAGE_STANDARD = gnu99;
				GCC_WARN_ABOUT_RETURN_TYPE = YES;
				GCC_WARN_UNUSED_VARIABLE = YES;
				PREBINDING = NO;
				SDKROOT = macosx10.6;
			};
			name = Release;
		};
/* End XCBuildConfiguration section */

/* Begin XCConfigurationList section */
		1DEB927408733DD40010E9CD /* Build configuration list for PBXNativeTarget "worker" */ = {
			isa = XCConfigurationList;
			buildConfigurations = (
				1DEB927508733DD40010E9CD /* Debug */,
				1DEB927608733DD40010E9CD /* Release */,
			);
			defaultConfigurationIsVisible = 0;
			defaultConfigurationName = Release;
		};
		1DEB927808733DD40010E9CD /* Build configuration list for PBXProject "worker" */ = {
			isa = XCConfigurationList;
			buildConfigurations = (
				1DEB927908733DD40010E9CD /* Debug */,
				1DEB927A08733DD40010E9CD /* Release */,
			);
			defaultConfigurationIsVisible = 0;
			defaultConfigurationName = Release;
		};
/* End XCConfigurationList section */
	};
	rootObject = 08FB7793FE84155DC02AAC07 /* Project object */;
}
