PODS:
  - PSMTabBarControl (1.0.2)

DEPENDENCIES:
  - PSMTabBarControl (from `~/git/opcoders_commander_PSMTabBarControl`)

EXTERNAL SOURCES:
  PSMTabBarControl:
    :path: ~/git/opcoders_commander_PSMTabBarControl

SPEC CHECKSUMS:
  PSMTabBarControl: 0f3ea3df39e8a9a0e52b7341bf66bba729863560

COCOAPODS: 0.29.0
