// !$*UTF8*$!
{
	archiveVersion = 1;
	classes = {
	};
	objectVersion = 46;
	objects = {

/* Begin PBXBuildFile section */
		421079A811F0FC66001372D8 /* NCWorkerPluginAdvanced.m in Sources */ = {isa = PBXBuildFile; fileRef = 421079A611F0FC66001372D8 /* NCWorkerPluginAdvanced.m */; };
		42107B8D11F11AE7001372D8 /* libSharedCodeCoreWorker.a in Frameworks */ = {isa = PBXBuildFile; fileRef = 421079EB11F11458001372D8 /* libSharedCodeCoreWorker.a */; };
		429DC6E711C534440028CDEC /* NCWorker.h in Headers */ = {isa = PBXBuildFile; fileRef = 429DC6E411C534440028CDEC /* NCWorker.h */; };
		429DC6E811C534440028CDEC /* NCWorker.m in Sources */ = {isa = PBXBuildFile; fileRef = 429DC6E511C534440028CDEC /* NCWorker.m */; };
		429DC6E911C534440028CDEC /* NCWorkerPrivate.h in Headers */ = {isa = PBXBuildFile; fileRef = 429DC6E611C534440028CDEC /* NCWorkerPrivate.h */; };
		429DC6FA11C534A50028CDEC /* libNCWorkerLib.a in Frameworks */ = {isa = PBXBuildFile; fileRef = 429DC6D511C533940028CDEC /* libNCWorkerLib.a */; };
		429DC70611C5350F0028CDEC /* AppDelegate.m in Sources */ = {isa = PBXBuildFile; fileRef = 429DC6FD11C5350F0028CDEC /* AppDelegate.m */; };
		429DC70711C5350F0028CDEC /* InfoPlist.strings in Resources */ = {isa = PBXBuildFile; fileRef = 429DC6FF11C5350F0028CDEC /* InfoPlist.strings */; };
		429DC70811C5350F0028CDEC /* MainMenu.xib in Resources */ = {isa = PBXBuildFile; fileRef = 429DC70111C5350F0028CDEC /* MainMenu.xib */; };
		429DC70A11C5350F0028CDEC /* main.m in Sources */ = {isa = PBXBuildFile; fileRef = 429DC70411C5350F0028CDEC /* main.m */; };
		429DC71211C535490028CDEC /* Cocoa.framework in Frameworks */ = {isa = PBXBuildFile; fileRef = 429DC71111C535490028CDEC /* Cocoa.framework */; };
		429DC71C11C5359F0028CDEC /* NewtonCommanderHelper in CopyFiles */ = {isa = PBXBuildFile; fileRef = 8DD76FA10486AA7600D96B5E /* NewtonCommanderHelper */; };
		429DC7D511C53E6D0028CDEC /* daemonize.m in Sources */ = {isa = PBXBuildFile; fileRef = 429DC7CA11C53E6D0028CDEC /* daemonize.m */; };
		429DC7D611C53E6D0028CDEC /* exception.m in Sources */ = {isa = PBXBuildFile; fileRef = 429DC7CC11C53E6D0028CDEC /* exception.m */; };
		429DC7D811C53E6D0028CDEC /* main.m in Sources */ = {isa = PBXBuildFile; fileRef = 429DC7CF11C53E6D0028CDEC /* main.m */; };
		429DC7D911C53E6D0028CDEC /* signal.m in Sources */ = {isa = PBXBuildFile; fileRef = 429DC7D211C53E6D0028CDEC /* signal.m */; };
		429DC7DA11C53E6D0028CDEC /* zombie.m in Sources */ = {isa = PBXBuildFile; fileRef = 429DC7D411C53E6D0028CDEC /* zombie.m */; };
		429DC81911C53FB40028CDEC /* NCWorkerProtocol.h in Headers */ = {isa = PBXBuildFile; fileRef = 429DC81811C53FB40028CDEC /* NCWorkerProtocol.h */; };
		42D6709612024F700045D5D4 /* NCLog.h in Headers */ = {isa = PBXBuildFile; fileRef = 42D6702612022B820045D5D4 /* NCLog.h */; };
		42D6709712024F830045D5D4 /* libSharedCodeCoreWorker.a in Frameworks */ = {isa = PBXBuildFile; fileRef = 421079EB11F11458001372D8 /* libSharedCodeCoreWorker.a */; };
		42E0E48511F1245000029764 /* CoreServices.framework in Frameworks */ = {isa = PBXBuildFile; fileRef = 42E0E48411F1245000029764 /* CoreServices.framework */; };
		8DD76F9C0486AA7600D96B5E /* Foundation.framework in Frameworks */ = {isa = PBXBuildFile; fileRef = 08FB779EFE84155DC02AAC07 /* Foundation.framework */; };
/* End PBXBuildFile section */

/* Begin PBXContainerItemProxy section */
		421079EA11F11458001372D8 /* PBXContainerItemProxy */ = {
			isa = PBXContainerItemProxy;
			containerPortal = 421079E611F11458001372D8 /* SharedCode Core+Worker.xcodeproj */;
			proxyType = 2;
			remoteGlobalIDString = D2AAC07E0554694100DB518D;
			remoteInfo = "SharedCode Core+Worker";
		};
		42107B8B11F11ADA001372D8 /* PBXContainerItemProxy */ = {
			isa = PBXContainerItemProxy;
			containerPortal = 421079E611F11458001372D8 /* SharedCode Core+Worker.xcodeproj */;
			proxyType = 1;
			remoteGlobalIDString = D2AAC07D0554694100DB518D;
			remoteInfo = SharedCodeCoreWorker;
		};
		429DC6DB11C533990028CDEC /* PBXContainerItemProxy */ = {
			isa = PBXContainerItemProxy;
			containerPortal = 08FB7793FE84155DC02AAC07 /* Project object */;
			proxyType = 1;
			remoteGlobalIDString = 8DD76F960486AA7600D96B5E;
			remoteInfo = NCWorker;
		};
		429DC6F611C534960028CDEC /* PBXContainerItemProxy */ = {
			isa = PBXContainerItemProxy;
			containerPortal = 08FB7793FE84155DC02AAC07 /* Project object */;
			proxyType = 1;
			remoteGlobalIDString = 8DD76F960486AA7600D96B5E;
			remoteInfo = NCWorker;
		};
		429DC6F811C534960028CDEC /* PBXContainerItemProxy */ = {
			isa = PBXContainerItemProxy;
			containerPortal = 08FB7793FE84155DC02AAC07 /* Project object */;
			proxyType = 1;
			remoteGlobalIDString = 429DC6D411C533940028CDEC;
			remoteInfo = NCWorkerLib;
		};
		42D6709812024F900045D5D4 /* PBXContainerItemProxy */ = {
			isa = PBXContainerItemProxy;
			containerPortal = 421079E611F11458001372D8 /* SharedCode Core+Worker.xcodeproj */;
			proxyType = 1;
			remoteGlobalIDString = D2AAC07D0554694100DB518D;
			remoteInfo = SharedCodeCoreWorker;
		};
/* End PBXContainerItemProxy section */

/* Begin PBXCopyFilesBuildPhase section */
		429DC71F11C535BD0028CDEC /* CopyFiles */ = {
			isa = PBXCopyFilesBuildPhase;
			buildActionMask = 2147483647;
			dstPath = "";
			dstSubfolderSpec = 6;
			files = (
				429DC71C11C5359F0028CDEC /* NewtonCommanderHelper in CopyFiles */,
			);
			runOnlyForDeploymentPostprocessing = 0;
		};
		8DD76F9E0486AA7600D96B5E /* CopyFiles */ = {
			isa = PBXCopyFilesBuildPhase;
			buildActionMask = 8;
			dstPath = /usr/share/man/man1/;
			dstSubfolderSpec = 0;
			files = (
			);
			runOnlyForDeploymentPostprocessing = 1;
		};
/* End PBXCopyFilesBuildPhase section */

/* Begin PBXFileReference section */
		08FB779EFE84155DC02AAC07 /* Foundation.framework */ = {isa = PBXFileReference; lastKnownFileType = wrapper.framework; name = Foundation.framework; path = /System/Library/Frameworks/Foundation.framework; sourceTree = "<absolute>"; };
		421079A311F0FC66001372D8 /* NCWorkerPlugin.h */ = {isa = PBXFileReference; fileEncoding = 4; lastKnownFileType = sourcecode.c.h; name = NCWorkerPlugin.h; path = Worker/NCWorkerPlugin.h; sourceTree = "<group>"; };
		421079A511F0FC66001372D8 /* NCWorkerPluginAdvanced.h */ = {isa = PBXFileReference; fileEncoding = 4; lastKnownFileType = sourcecode.c.h; name = NCWorkerPluginAdvanced.h; path = Worker/NCWorkerPluginAdvanced.h; sourceTree = "<group>"; };
		421079A611F0FC66001372D8 /* NCWorkerPluginAdvanced.m */ = {isa = PBXFileReference; fileEncoding = 4; lastKnownFileType = sourcecode.c.objc; name = NCWorkerPluginAdvanced.m; path = Worker/NCWorkerPluginAdvanced.m; sourceTree = "<group>"; };
		421079E611F11458001372D8 /* SharedCode Core+Worker.xcodeproj */ = {isa = PBXFileReference; lastKnownFileType = "wrapper.pb-project"; name = "SharedCode Core+Worker.xcodeproj"; path = "../SharedCode Core+Worker/SharedCode Core+Worker.xcodeproj"; sourceTree = SOURCE_ROOT; };
		42107B9011F11B13001372D8 /* NCDirEnumerator.h */ = {isa = PBXFileReference; fileEncoding = 4; lastKnownFileType = sourcecode.c.h; name = NCDirEnumerator.h; path = "../SharedCode Core+Worker/source/NCDirEnumerator.h"; sourceTree = SOURCE_ROOT; };
		424CF97911C9863E00CF0019 /* test_prefix.pch */ = {isa = PBXFileReference; fileEncoding = 4; lastKnownFileType = sourcecode.c.h; name = test_prefix.pch; path = Test/test_prefix.pch; sourceTree = "<group>"; };
		427DAE0411F9491B0018AAC5 /* sc_transfer.h */ = {isa = PBXFileReference; fileEncoding = 4; lastKnownFileType = sourcecode.c.h; name = sc_transfer.h; path = "../SharedCode Core+Worker/source/sc_transfer.h"; sourceTree = SOURCE_ROOT; };
		4295BCF81210919200DEDCDE /* NCFileEventManager.h */ = {isa = PBXFileReference; fileEncoding = 4; lastKnownFileType = sourcecode.c.h; name = NCFileEventManager.h; path = "../SharedCode Core+Worker/source/NCFileEventManager.h"; sourceTree = SOURCE_ROOT; };
		429DC54C11C511BF0028CDEC /* Common.xcconfig */ = {isa = PBXFileReference; fileEncoding = 4; lastKnownFileType = text.xcconfig; path = Common.xcconfig; sourceTree = "<group>"; };
		429DC54D11C511C90028CDEC /* Debug.xcconfig */ = {isa = PBXFileReference; fileEncoding = 4; lastKnownFileType = text.xcconfig; path = Debug.xcconfig; sourceTree = "<group>"; };
		429DC54E11C511D00028CDEC /* Release.xcconfig */ = {isa = PBXFileReference; fileEncoding = 4; lastKnownFileType = text.xcconfig; path = Release.xcconfig; sourceTree = "<group>"; };
		429DC6D511C533940028CDEC /* libNCWorkerLib.a */ = {isa = PBXFileReference; explicitFileType = archive.ar; includeInIndex = 0; path = libNCWorkerLib.a; sourceTree = BUILT_PRODUCTS_DIR; };
		429DC6E411C534440028CDEC /* NCWorker.h */ = {isa = PBXFileReference; fileEncoding = 4; lastKnownFileType = sourcecode.c.h; name = NCWorker.h; path = Library/NCWorker.h; sourceTree = "<group>"; };
		429DC6E511C534440028CDEC /* NCWorker.m */ = {isa = PBXFileReference; fileEncoding = 4; lastKnownFileType = sourcecode.c.objc; name = NCWorker.m; path = Library/NCWorker.m; sourceTree = "<group>"; };
		429DC6E611C534440028CDEC /* NCWorkerPrivate.h */ = {isa = PBXFileReference; fileEncoding = 4; lastKnownFileType = sourcecode.c.h; name = NCWorkerPrivate.h; path = Library/NCWorkerPrivate.h; sourceTree = "<group>"; };
		429DC6F011C5348F0028CDEC /* NCWorkerTest.app */ = {isa = PBXFileReference; explicitFileType = wrapper.application; includeInIndex = 0; path = NCWorkerTest.app; sourceTree = BUILT_PRODUCTS_DIR; };
		429DC6FC11C5350F0028CDEC /* AppDelegate.h */ = {isa = PBXFileReference; fileEncoding = 4; lastKnownFileType = sourcecode.c.h; name = AppDelegate.h; path = Test/AppDelegate.h; sourceTree = "<group>"; };
		429DC6FD11C5350F0028CDEC /* AppDelegate.m */ = {isa = PBXFileReference; fileEncoding = 4; lastKnownFileType = sourcecode.c.objc; name = AppDelegate.m; path = Test/AppDelegate.m; sourceTree = "<group>"; };
		429DC70011C5350F0028CDEC /* English */ = {isa = PBXFileReference; fileEncoding = 4; lastKnownFileType = text.plist.strings; name = English; path = InfoPlist.strings; sourceTree = "<group>"; };
		429DC70211C5350F0028CDEC /* English */ = {isa = PBXFileReference; lastKnownFileType = file.xib; name = English; path = MainMenu.xib; sourceTree = "<group>"; };
		429DC70311C5350F0028CDEC /* Info.plist */ = {isa = PBXFileReference; fileEncoding = 4; lastKnownFileType = text.plist.xml; name = Info.plist; path = Test/Info.plist; sourceTree = "<group>"; };
		429DC70411C5350F0028CDEC /* main.m */ = {isa = PBXFileReference; fileEncoding = 4; lastKnownFileType = sourcecode.c.objc; name = main.m; path = Test/main.m; sourceTree = "<group>"; };
		429DC71111C535490028CDEC /* Cocoa.framework */ = {isa = PBXFileReference; lastKnownFileType = wrapper.framework; name = Cocoa.framework; path = System/Library/Frameworks/Cocoa.framework; sourceTree = SDKROOT; };
		429DC7C911C53E6D0028CDEC /* daemonize.h */ = {isa = PBXFileReference; fileEncoding = 4; lastKnownFileType = sourcecode.c.h; name = daemonize.h; path = Worker/daemonize.h; sourceTree = "<group>"; };
		429DC7CA11C53E6D0028CDEC /* daemonize.m */ = {isa = PBXFileReference; fileEncoding = 4; lastKnownFileType = sourcecode.c.objc; name = daemonize.m; path = Worker/daemonize.m; sourceTree = "<group>"; };
		429DC7CB11C53E6D0028CDEC /* exception.h */ = {isa = PBXFileReference; fileEncoding = 4; lastKnownFileType = sourcecode.c.h; name = exception.h; path = Worker/exception.h; sourceTree = "<group>"; };
		429DC7CC11C53E6D0028CDEC /* exception.m */ = {isa = PBXFileReference; fileEncoding = 4; lastKnownFileType = sourcecode.c.objc; name = exception.m; path = Worker/exception.m; sourceTree = "<group>"; };
		429DC7CF11C53E6D0028CDEC /* main.m */ = {isa = PBXFileReference; fileEncoding = 4; lastKnownFileType = sourcecode.c.objc; name = main.m; path = Worker/main.m; sourceTree = "<group>"; };
		429DC7D111C53E6D0028CDEC /* signal.h */ = {isa = PBXFileReference; fileEncoding = 4; lastKnownFileType = sourcecode.c.h; name = signal.h; path = Worker/signal.h; sourceTree = "<group>"; };
		429DC7D211C53E6D0028CDEC /* signal.m */ = {isa = PBXFileReference; fileEncoding = 4; lastKnownFileType = sourcecode.c.objc; name = signal.m; path = Worker/signal.m; sourceTree = "<group>"; };
		429DC7D311C53E6D0028CDEC /* zombie.h */ = {isa = PBXFileReference; fileEncoding = 4; lastKnownFileType = sourcecode.c.h; name = zombie.h; path = Worker/zombie.h; sourceTree = "<group>"; };
		429DC7D411C53E6D0028CDEC /* zombie.m */ = {isa = PBXFileReference; fileEncoding = 4; lastKnownFileType = sourcecode.c.objc; name = zombie.m; path = Worker/zombie.m; sourceTree = "<group>"; };
		429DC81811C53FB40028CDEC /* NCWorkerProtocol.h */ = {isa = PBXFileReference; fileEncoding = 4; lastKnownFileType = sourcecode.c.h; name = NCWorkerProtocol.h; path = Protocol/NCWorkerProtocol.h; sourceTree = "<group>"; };
		42D6702612022B820045D5D4 /* NCLog.h */ = {isa = PBXFileReference; fileEncoding = 4; lastKnownFileType = sourcecode.c.h; name = NCLog.h; path = "../SharedCode Core+Worker/source/NCLog.h"; sourceTree = SOURCE_ROOT; };
		42DBA08911F2022600DD57A8 /* NCFileItem.h */ = {isa = PBXFileReference; fileEncoding = 4; lastKnownFileType = sourcecode.c.h; name = NCFileItem.h; path = "../SharedCode Core+Worker/source/NCFileItem.h"; sourceTree = SOURCE_ROOT; };
		42E0E48411F1245000029764 /* CoreServices.framework */ = {isa = PBXFileReference; lastKnownFileType = wrapper.framework; name = CoreServices.framework; path = System/Library/Frameworks/CoreServices.framework; sourceTree = SDKROOT; };
		42E0E73E11F1E0BC00029764 /* NCFileManager.h */ = {isa = PBXFileReference; fileEncoding = 4; lastKnownFileType = sourcecode.c.h; name = NCFileManager.h; path = "../SharedCode Core+Worker/source/NCFileManager.h"; sourceTree = SOURCE_ROOT; };
		8DD76FA10486AA7600D96B5E /* NewtonCommanderHelper */ = {isa = PBXFileReference; explicitFileType = "compiled.mach-o.executable"; includeInIndex = 0; path = NewtonCommanderHelper; sourceTree = BUILT_PRODUCTS_DIR; };
/* End PBXFileReference section */

/* Begin PBXFrameworksBuildPhase section */
		429DC6D311C533940028CDEC /* Frameworks */ = {
			isa = PBXFrameworksBuildPhase;
			buildActionMask = 2147483647;
			files = (
				42D6709712024F830045D5D4 /* libSharedCodeCoreWorker.a in Frameworks */,
			);
			runOnlyForDeploymentPostprocessing = 0;
		};
		429DC6EE11C5348F0028CDEC /* Frameworks */ = {
			isa = PBXFrameworksBuildPhase;
			buildActionMask = 2147483647;
			files = (
				429DC6FA11C534A50028CDEC /* libNCWorkerLib.a in Frameworks */,
				429DC71211C535490028CDEC /* Cocoa.framework in Frameworks */,
			);
			runOnlyForDeploymentPostprocessing = 0;
		};
		8DD76F9B0486AA7600D96B5E /* Frameworks */ = {
			isa = PBXFrameworksBuildPhase;
			buildActionMask = 2147483647;
			files = (
				42107B8D11F11AE7001372D8 /* libSharedCodeCoreWorker.a in Frameworks */,
				8DD76F9C0486AA7600D96B5E /* Foundation.framework in Frameworks */,
				42E0E48511F1245000029764 /* CoreServices.framework in Frameworks */,
			);
			runOnlyForDeploymentPostprocessing = 0;
		};
/* End PBXFrameworksBuildPhase section */

/* Begin PBXGroup section */
		08FB7794FE84155DC02AAC07 /* NCWorkerChild */ = {
			isa = PBXGroup;
			children = (
				42107B8F11F11AFB001372D8 /* Headers SharedCode */,
				421079E611F11458001372D8 /* SharedCode Core+Worker.xcodeproj */,
				429DC54C11C511BF0028CDEC /* Common.xcconfig */,
				429DC54D11C511C90028CDEC /* Debug.xcconfig */,
				429DC54E11C511D00028CDEC /* Release.xcconfig */,
				429DC6FB11C534EE0028CDEC /* Source Test */,
				08FB7795FE84155DC02AAC07 /* Source Worker */,
				429DC6DD11C533CA0028CDEC /* Source Library */,
				4264A5BE11BB1E13005468D2 /* Source Protocol */,
				08FB779DFE84155DC02AAC07 /* External Frameworks and Libraries */,
				1AB674ADFE9D54B511CA2CBB /* Products */,
			);
			name = NCWorkerChild;
			sourceTree = "<group>";
		};
		08FB7795FE84155DC02AAC07 /* Source Worker */ = {
			isa = PBXGroup;
			children = (
				421079A311F0FC66001372D8 /* NCWorkerPlugin.h */,
				421079A511F0FC66001372D8 /* NCWorkerPluginAdvanced.h */,
				421079A611F0FC66001372D8 /* NCWorkerPluginAdvanced.m */,
				429DC7C911C53E6D0028CDEC /* daemonize.h */,
				429DC7CA11C53E6D0028CDEC /* daemonize.m */,
				429DC7CB11C53E6D0028CDEC /* exception.h */,
				429DC7CC11C53E6D0028CDEC /* exception.m */,
				429DC7CF11C53E6D0028CDEC /* main.m */,
				429DC7D111C53E6D0028CDEC /* signal.h */,
				429DC7D211C53E6D0028CDEC /* signal.m */,
				429DC7D311C53E6D0028CDEC /* zombie.h */,
				429DC7D411C53E6D0028CDEC /* zombie.m */,
			);
			name = "Source Worker";
			sourceTree = "<group>";
		};
		08FB779DFE84155DC02AAC07 /* External Frameworks and Libraries */ = {
			isa = PBXGroup;
			children = (
				42E0E48411F1245000029764 /* CoreServices.framework */,
				429DC71111C535490028CDEC /* Cocoa.framework */,
				08FB779EFE84155DC02AAC07 /* Foundation.framework */,
			);
			name = "External Frameworks and Libraries";
			sourceTree = "<group>";
		};
		1AB674ADFE9D54B511CA2CBB /* Products */ = {
			isa = PBXGroup;
			children = (
				8DD76FA10486AA7600D96B5E /* NewtonCommanderHelper */,
				429DC6D511C533940028CDEC /* libNCWorkerLib.a */,
				429DC6F011C5348F0028CDEC /* NCWorkerTest.app */,
			);
			name = Products;
			sourceTree = "<group>";
		};
		421079E711F11458001372D8 /* Products */ = {
			isa = PBXGroup;
			children = (
				421079EB11F11458001372D8 /* libSharedCodeCoreWorker.a */,
			);
			name = Products;
			sourceTree = "<group>";
		};
		42107B8F11F11AFB001372D8 /* Headers SharedCode */ = {
			isa = PBXGroup;
			children = (
				4295BCF81210919200DEDCDE /* NCFileEventManager.h */,
				42D6702612022B820045D5D4 /* NCLog.h */,
				427DAE0411F9491B0018AAC5 /* sc_transfer.h */,
				42DBA08911F2022600DD57A8 /* NCFileItem.h */,
				42E0E73E11F1E0BC00029764 /* NCFileManager.h */,
				42107B9011F11B13001372D8 /* NCDirEnumerator.h */,
			);
			name = "Headers SharedCode";
			sourceTree = "<group>";
		};
		4264A5BE11BB1E13005468D2 /* Source Protocol */ = {
			isa = PBXGroup;
			children = (
				429DC81811C53FB40028CDEC /* NCWorkerProtocol.h */,
			);
			name = "Source Protocol";
			sourceTree = "<group>";
		};
		429DC6DD11C533CA0028CDEC /* Source Library */ = {
			isa = PBXGroup;
			children = (
				429DC6E411C534440028CDEC /* NCWorker.h */,
				429DC6E511C534440028CDEC /* NCWorker.m */,
				429DC6E611C534440028CDEC /* NCWorkerPrivate.h */,
			);
			name = "Source Library";
			sourceTree = "<group>";
		};
		429DC6FB11C534EE0028CDEC /* Source Test */ = {
			isa = PBXGroup;
			children = (
				424CF97911C9863E00CF0019 /* test_prefix.pch */,
				429DC6FC11C5350F0028CDEC /* AppDelegate.h */,
				429DC6FD11C5350F0028CDEC /* AppDelegate.m */,
				429DC6FE11C5350F0028CDEC /* English.lproj */,
				429DC70311C5350F0028CDEC /* Info.plist */,
				429DC70411C5350F0028CDEC /* main.m */,
			);
			name = "Source Test";
			sourceTree = "<group>";
		};
		429DC6FE11C5350F0028CDEC /* English.lproj */ = {
			isa = PBXGroup;
			children = (
				429DC6FF11C5350F0028CDEC /* InfoPlist.strings */,
				429DC70111C5350F0028CDEC /* MainMenu.xib */,
			);
			name = English.lproj;
			path = Test/English.lproj;
			sourceTree = "<group>";
		};
/* End PBXGroup section */

/* Begin PBXHeadersBuildPhase section */
		429DC6D111C533940028CDEC /* Headers */ = {
			isa = PBXHeadersBuildPhase;
			buildActionMask = 2147483647;
			files = (
				42D6709612024F700045D5D4 /* NCLog.h in Headers */,
				429DC6E711C534440028CDEC /* NCWorker.h in Headers */,
				429DC6E911C534440028CDEC /* NCWorkerPrivate.h in Headers */,
				429DC81911C53FB40028CDEC /* NCWorkerProtocol.h in Headers */,
			);
			runOnlyForDeploymentPostprocessing = 0;
		};
/* End PBXHeadersBuildPhase section */

/* Begin PBXNativeTarget section */
		429DC6D411C533940028CDEC /* NCWorkerLib */ = {
			isa = PBXNativeTarget;
			buildConfigurationList = 429DC6DE11C533CA0028CDEC /* Build configuration list for PBXNativeTarget "NCWorkerLib" */;
			buildPhases = (
				429DC6D111C533940028CDEC /* Headers */,
				429DC6D211C533940028CDEC /* Sources */,
				429DC6D311C533940028CDEC /* Frameworks */,
			);
			buildRules = (
			);
			dependencies = (
				429DC6DC11C533990028CDEC /* PBXTargetDependency */,
				42D6709912024F900045D5D4 /* PBXTargetDependency */,
			);
			name = NCWorkerLib;
			productName = NCWorkerLib;
			productReference = 429DC6D511C533940028CDEC /* libNCWorkerLib.a */;
			productType = "com.apple.product-type.library.static";
		};
		429DC6EF11C5348F0028CDEC /* NCWorkerTest */ = {
			isa = PBXNativeTarget;
			buildConfigurationList = 429DC6F511C534900028CDEC /* Build configuration list for PBXNativeTarget "NCWorkerTest" */;
			buildPhases = (
				429DC6EC11C5348F0028CDEC /* Resources */,
				429DC6ED11C5348F0028CDEC /* Sources */,
				429DC6EE11C5348F0028CDEC /* Frameworks */,
				429DC71F11C535BD0028CDEC /* CopyFiles */,
			);
			buildRules = (
			);
			dependencies = (
				429DC6F711C534960028CDEC /* PBXTargetDependency */,
				429DC6F911C534960028CDEC /* PBXTargetDependency */,
			);
			name = NCWorkerTest;
			productName = NCWorkerTest;
			productReference = 429DC6F011C5348F0028CDEC /* NCWorkerTest.app */;
			productType = "com.apple.product-type.application";
		};
		8DD76F960486AA7600D96B5E /* NCWorker */ = {
			isa = PBXNativeTarget;
			buildConfigurationList = 1DEB927408733DD40010E9CD /* Build configuration list for PBXNativeTarget "NCWorker" */;
			buildPhases = (
				8DD76F990486AA7600D96B5E /* Sources */,
				8DD76F9B0486AA7600D96B5E /* Frameworks */,
				8DD76F9E0486AA7600D96B5E /* CopyFiles */,
			);
			buildRules = (
			);
			dependencies = (
				42107B8C11F11ADA001372D8 /* PBXTargetDependency */,
			);
			name = NCWorker;
			productInstallPath = "$(HOME)/bin";
			productName = NCWorkerChild;
			productReference = 8DD76FA10486AA7600D96B5E /* NewtonCommanderHelper */;
			productType = "com.apple.product-type.tool";
		};
/* End PBXNativeTarget section */

/* Begin PBXProject section */
		08FB7793FE84155DC02AAC07 /* Project object */ = {
			isa = PBXProject;
			attributes = {
				LastUpgradeCheck = 0450;
			};
			buildConfigurationList = 1DEB927808733DD40010E9CD /* Build configuration list for PBXProject "NCWorker" */;
			compatibilityVersion = "Xcode 3.2";
			developmentRegion = English;
			hasScannedForEncodings = 1;
			knownRegions = (
				English,
				Japanese,
				French,
				German,
			);
			mainGroup = 08FB7794FE84155DC02AAC07 /* NCWorkerChild */;
			projectDirPath = "";
			projectReferences = (
				{
					ProductGroup = 421079E711F11458001372D8 /* Products */;
					ProjectRef = 421079E611F11458001372D8 /* SharedCode Core+Worker.xcodeproj */;
				},
			);
			projectRoot = "";
			targets = (
				429DC6EF11C5348F0028CDEC /* NCWorkerTest */,
				8DD76F960486AA7600D96B5E /* NCWorker */,
				429DC6D411C533940028CDEC /* NCWorkerLib */,
			);
		};
/* End PBXProject section */

/* Begin PBXReferenceProxy section */
		421079EB11F11458001372D8 /* libSharedCodeCoreWorker.a */ = {
			isa = PBXReferenceProxy;
			fileType = archive.ar;
			path = libSharedCodeCoreWorker.a;
			remoteRef = 421079EA11F11458001372D8 /* PBXContainerItemProxy */;
			sourceTree = BUILT_PRODUCTS_DIR;
		};
/* End PBXReferenceProxy section */

/* Begin PBXResourcesBuildPhase section */
		429DC6EC11C5348F0028CDEC /* Resources */ = {
			isa = PBXResourcesBuildPhase;
			buildActionMask = 2147483647;
			files = (
				429DC70711C5350F0028CDEC /* InfoPlist.strings in Resources */,
				429DC70811C5350F0028CDEC /* MainMenu.xib in Resources */,
			);
			runOnlyForDeploymentPostprocessing = 0;
		};
/* End PBXResourcesBuildPhase section */

/* Begin PBXSourcesBuildPhase section */
		429DC6D211C533940028CDEC /* Sources */ = {
			isa = PBXSourcesBuildPhase;
			buildActionMask = 2147483647;
			files = (
				429DC6E811C534440028CDEC /* NCWorker.m in Sources */,
			);
			runOnlyForDeploymentPostprocessing = 0;
		};
		429DC6ED11C5348F0028CDEC /* Sources */ = {
			isa = PBXSourcesBuildPhase;
			buildActionMask = 2147483647;
			files = (
				429DC70611C5350F0028CDEC /* AppDelegate.m in Sources */,
				429DC70A11C5350F0028CDEC /* main.m in Sources */,
			);
			runOnlyForDeploymentPostprocessing = 0;
		};
		8DD76F990486AA7600D96B5E /* Sources */ = {
			isa = PBXSourcesBuildPhase;
			buildActionMask = 2147483647;
			files = (
				429DC7D511C53E6D0028CDEC /* daemonize.m in Sources */,
				429DC7D611C53E6D0028CDEC /* exception.m in Sources */,
				429DC7D811C53E6D0028CDEC /* main.m in Sources */,
				429DC7D911C53E6D0028CDEC /* signal.m in Sources */,
				429DC7DA11C53E6D0028CDEC /* zombie.m in Sources */,
				421079A811F0FC66001372D8 /* NCWorkerPluginAdvanced.m in Sources */,
			);
			runOnlyForDeploymentPostprocessing = 0;
		};
/* End PBXSourcesBuildPhase section */

/* Begin PBXTargetDependency section */
		42107B8C11F11ADA001372D8 /* PBXTargetDependency */ = {
			isa = PBXTargetDependency;
			name = SharedCodeCoreWorker;
			targetProxy = 42107B8B11F11ADA001372D8 /* PBXContainerItemProxy */;
		};
		429DC6DC11C533990028CDEC /* PBXTargetDependency */ = {
			isa = PBXTargetDependency;
			target = 8DD76F960486AA7600D96B5E /* NCWorker */;
			targetProxy = 429DC6DB11C533990028CDEC /* PBXContainerItemProxy */;
		};
		429DC6F711C534960028CDEC /* PBXTargetDependency */ = {
			isa = PBXTargetDependency;
			target = 8DD76F960486AA7600D96B5E /* NCWorker */;
			targetProxy = 429DC6F611C534960028CDEC /* PBXContainerItemProxy */;
		};
		429DC6F911C534960028CDEC /* PBXTargetDependency */ = {
			isa = PBXTargetDependency;
			target = 429DC6D411C533940028CDEC /* NCWorkerLib */;
			targetProxy = 429DC6F811C534960028CDEC /* PBXContainerItemProxy */;
		};
		42D6709912024F900045D5D4 /* PBXTargetDependency */ = {
			isa = PBXTargetDependency;
			name = SharedCodeCoreWorker;
			targetProxy = 42D6709812024F900045D5D4 /* PBXContainerItemProxy */;
		};
/* End PBXTargetDependency section */

/* Begin PBXVariantGroup section */
		429DC6FF11C5350F0028CDEC /* InfoPlist.strings */ = {
			isa = PBXVariantGroup;
			children = (
				429DC70011C5350F0028CDEC /* English */,
			);
			name = InfoPlist.strings;
			sourceTree = "<group>";
		};
		429DC70111C5350F0028CDEC /* MainMenu.xib */ = {
			isa = PBXVariantGroup;
			children = (
				429DC70211C5350F0028CDEC /* English */,
			);
			name = MainMenu.xib;
			sourceTree = "<group>";
		};
/* End PBXVariantGroup section */

/* Begin XCBuildConfiguration section */
		1DEB927508733DD40010E9CD /* Debug */ = {
			isa = XCBuildConfiguration;
			baseConfigurationReference = 429DC54D11C511C90028CDEC /* Debug.xcconfig */;
			buildSettings = {
				ALWAYS_SEARCH_USER_PATHS = NO;
				COPY_PHASE_STRIP = NO;
				GCC_DYNAMIC_NO_PIC = NO;
				GCC_MODEL_TUNING = G5;
				GCC_OPTIMIZATION_LEVEL = 0;
				GCC_PRECOMPILE_PREFIX_HEADER = YES;
				GCC_PREFIX_HEADER = Worker/worker_prefix.pch;
				INSTALL_PATH = /usr/local/bin;
				PRODUCT_NAME = NewtonCommanderHelper;
			};
			name = Debug;
		};
		1DEB927608733DD40010E9CD /* Release */ = {
			isa = XCBuildConfiguration;
			baseConfigurationReference = 429DC54E11C511D00028CDEC /* Release.xcconfig */;
			buildSettings = {
				ALWAYS_SEARCH_USER_PATHS = NO;
				DEBUG_INFORMATION_FORMAT = "dwarf-with-dsym";
				GCC_MODEL_TUNING = G5;
				GCC_PRECOMPILE_PREFIX_HEADER = YES;
				GCC_PREFIX_HEADER = Worker/worker_prefix.pch;
				INSTALL_PATH = /usr/local/bin;
				PRODUCT_NAME = NewtonCommanderHelper;
			};
			name = Release;
		};
		1DEB927908733DD40010E9CD /* Debug */ = {
			isa = XCBuildConfiguration;
			baseConfigurationReference = 429DC54C11C511BF0028CDEC /* Common.xcconfig */;
			buildSettings = {
				ARCHS = "$(ARCHS_STANDARD_32_64_BIT)";
				GCC_C_LANGUAGE_STANDARD = gnu99;
				GCC_OPTIMIZATION_LEVEL = 0;
				GCC_WARN_ABOUT_RETURN_TYPE = YES;
				GCC_WARN_UNUSED_VARIABLE = YES;
				ONLY_ACTIVE_ARCH = YES;
				SDKROOT = macosx;
			};
			name = Debug;
		};
		1DEB927A08733DD40010E9CD /* Release */ = {
			isa = XCBuildConfiguration;
			baseConfigurationReference = 429DC54C11C511BF0028CDEC /* Common.xcconfig */;
			buildSettings = {
				ARCHS = "$(ARCHS_STANDARD_32_64_BIT)";
				GCC_C_LANGUAGE_STANDARD = gnu99;
				GCC_WARN_ABOUT_RETURN_TYPE = YES;
				GCC_WARN_UNUSED_VARIABLE = YES;
				SDKROOT = macosx;
			};
			name = Release;
		};
		429DC6D911C533950028CDEC /* Debug */ = {
			isa = XCBuildConfiguration;
			baseConfigurationReference = 429DC54D11C511C90028CDEC /* Debug.xcconfig */;
			buildSettings = {
				ALWAYS_SEARCH_USER_PATHS = NO;
				COMBINE_HIDPI_IMAGES = YES;
				COPY_PHASE_STRIP = NO;
				GCC_DYNAMIC_NO_PIC = NO;
				GCC_MODEL_TUNING = G5;
				GCC_OPTIMIZATION_LEVEL = 0;
				GCC_PRECOMPILE_PREFIX_HEADER = YES;
				GCC_PREFIX_HEADER = "$(SYSTEM_LIBRARY_DIR)/Frameworks/AppKit.framework/Headers/AppKit.h";
				INSTALL_PATH = /usr/local/lib;
				OTHER_LDFLAGS = (
					"-framework",
					Foundation,
					"-framework",
					AppKit,
				);
				PRODUCT_NAME = NCWorkerLib;
			};
			name = Debug;
		};
		429DC6DA11C533950028CDEC /* Release */ = {
			isa = XCBuildConfiguration;
			baseConfigurationReference = 429DC54E11C511D00028CDEC /* Release.xcconfig */;
			buildSettings = {
				ALWAYS_SEARCH_USER_PATHS = NO;
				COMBINE_HIDPI_IMAGES = YES;
				COPY_PHASE_STRIP = YES;
				DEBUG_INFORMATION_FORMAT = "dwarf-with-dsym";
				GCC_MODEL_TUNING = G5;
				GCC_PRECOMPILE_PREFIX_HEADER = YES;
				GCC_PREFIX_HEADER = "$(SYSTEM_LIBRARY_DIR)/Frameworks/AppKit.framework/Headers/AppKit.h";
				INSTALL_PATH = /usr/local/lib;
				OTHER_LDFLAGS = (
					"-framework",
					Foundation,
					"-framework",
					AppKit,
				);
				PRODUCT_NAME = NCWorkerLib;
				ZERO_LINK = NO;
			};
			name = Release;
		};
		429DC6F311C534900028CDEC /* Debug */ = {
			isa = XCBuildConfiguration;
			baseConfigurationReference = 429DC54D11C511C90028CDEC /* Debug.xcconfig */;
			buildSettings = {
				ALWAYS_SEARCH_USER_PATHS = NO;
				COMBINE_HIDPI_IMAGES = YES;
				COPY_PHASE_STRIP = NO;
				GCC_DYNAMIC_NO_PIC = NO;
				GCC_MODEL_TUNING = G5;
				GCC_OPTIMIZATION_LEVEL = 0;
				GCC_PRECOMPILE_PREFIX_HEADER = YES;
				GCC_PREFIX_HEADER = Test/test_prefix.pch;
				INFOPLIST_FILE = Test/Info.plist;
				INSTALL_PATH = "$(HOME)/Applications";
				OTHER_LDFLAGS = (
					"-framework",
					Foundation,
					"-framework",
					AppKit,
				);
				PRODUCT_NAME = NCWorkerTest;
			};
			name = Debug;
		};
		429DC6F411C534900028CDEC /* Release */ = {
			isa = XCBuildConfiguration;
			baseConfigurationReference = 429DC54E11C511D00028CDEC /* Release.xcconfig */;
			buildSettings = {
				ALWAYS_SEARCH_USER_PATHS = NO;
				COMBINE_HIDPI_IMAGES = YES;
				COPY_PHASE_STRIP = YES;
				DEBUG_INFORMATION_FORMAT = "dwarf-with-dsym";
				GCC_MODEL_TUNING = G5;
				GCC_PRECOMPILE_PREFIX_HEADER = YES;
				GCC_PREFIX_HEADER = Test/test_prefix.pch;
				INFOPLIST_FILE = Test/Info.plist;
				INSTALL_PATH = "$(HOME)/Applications";
				OTHER_LDFLAGS = (
					"-framework",
					Foundation,
					"-framework",
					AppKit,
				);
				PRODUCT_NAME = NCWorkerTest;
				ZERO_LINK = NO;
			};
			name = Release;
		};
/* End XCBuildConfiguration section */

/* Begin XCConfigurationList section */
		1DEB927408733DD40010E9CD /* Build configuration list for PBXNativeTarget "NCWorker" */ = {
			isa = XCConfigurationList;
			buildConfigurations = (
				1DEB927508733DD40010E9CD /* Debug */,
				1DEB927608733DD40010E9CD /* Release */,
			);
			defaultConfigurationIsVisible = 0;
			defaultConfigurationName = Release;
		};
		1DEB927808733DD40010E9CD /* Build configuration list for PBXProject "NCWorker" */ = {
			isa = XCConfigurationList;
			buildConfigurations = (
				1DEB927908733DD40010E9CD /* Debug */,
				1DEB927A08733DD40010E9CD /* Release */,
			);
			defaultConfigurationIsVisible = 0;
			defaultConfigurationName = Release;
		};
		429DC6DE11C533CA0028CDEC /* Build configuration list for PBXNativeTarget "NCWorkerLib" */ = {
			isa = XCConfigurationList;
			buildConfigurations = (
				429DC6D911C533950028CDEC /* Debug */,
				429DC6DA11C533950028CDEC /* Release */,
			);
			defaultConfigurationIsVisible = 0;
			defaultConfigurationName = Release;
		};
		429DC6F511C534900028CDEC /* Build configuration list for PBXNativeTarget "NCWorkerTest" */ = {
			isa = XCConfigurationList;
			buildConfigurations = (
				429DC6F311C534900028CDEC /* Debug */,
				429DC6F411C534900028CDEC /* Release */,
			);
			defaultConfigurationIsVisible = 0;
			defaultConfigurationName = Release;
		};
/* End XCConfigurationList section */
	};
	rootObject = 08FB7793FE84155DC02AAC07 /* Project object */;
}
